# This file is generated by running "yarn install" inside your project.
# Manual changes might be lost - proceed with caution!

__metadata:
  version: 6
  cacheKey: 8

"@babel/code-frame@npm:^7.22.13":
  version: 7.22.13
  resolution: "@babel/code-frame@npm:7.22.13"
  dependencies:
    "@babel/highlight": ^7.22.13
    chalk: ^2.4.2
  checksum: 22e342c8077c8b77eeb11f554ecca2ba14153f707b85294fcf6070b6f6150aae88a7b7436dd88d8c9289970585f3fe5b9b941c5aa3aa26a6d5a8ef3f292da058
  languageName: node
  linkType: hard

"@babel/generator@npm:7.17.7":
  version: 7.17.7
  resolution: "@babel/generator@npm:7.17.7"
  dependencies:
    "@babel/types": ^7.17.0
    jsesc: ^2.5.1
    source-map: ^0.5.0
  checksum: e7344b9b4559115f2754ecc2ae9508412ea6a8f617544cd3d3f17cabc727bd30630765f96c8a4ebc8901ded1492a3a6c23d695a4f1e8f3042f860b30c891985c
  languageName: node
  linkType: hard

"@babel/generator@npm:^7.23.0":
  version: 7.23.0
  resolution: "@babel/generator@npm:7.23.0"
  dependencies:
    "@babel/types": ^7.23.0
    "@jridgewell/gen-mapping": ^0.3.2
    "@jridgewell/trace-mapping": ^0.3.17
    jsesc: ^2.5.1
  checksum: 8efe24adad34300f1f8ea2add420b28171a646edc70f2a1b3e1683842f23b8b7ffa7e35ef0119294e1901f45bfea5b3dc70abe1f10a1917ccdfb41bed69be5f1
  languageName: node
  linkType: hard

"@babel/helper-environment-visitor@npm:^7.22.20":
  version: 7.22.20
  resolution: "@babel/helper-environment-visitor@npm:7.22.20"
  checksum: d80ee98ff66f41e233f36ca1921774c37e88a803b2f7dca3db7c057a5fea0473804db9fb6729e5dbfd07f4bed722d60f7852035c2c739382e84c335661590b69
  languageName: node
  linkType: hard

"@babel/helper-function-name@npm:^7.23.0":
  version: 7.23.0
  resolution: "@babel/helper-function-name@npm:7.23.0"
  dependencies:
    "@babel/template": ^7.22.15
    "@babel/types": ^7.23.0
  checksum: e44542257b2d4634a1f979244eb2a4ad8e6d75eb6761b4cfceb56b562f7db150d134bc538c8e6adca3783e3bc31be949071527aa8e3aab7867d1ad2d84a26e10
  languageName: node
  linkType: hard

"@babel/helper-hoist-variables@npm:^7.22.5":
  version: 7.22.5
  resolution: "@babel/helper-hoist-variables@npm:7.22.5"
  dependencies:
    "@babel/types": ^7.22.5
  checksum: 394ca191b4ac908a76e7c50ab52102669efe3a1c277033e49467913c7ed6f7c64d7eacbeabf3bed39ea1f41731e22993f763b1edce0f74ff8563fd1f380d92cc
  languageName: node
  linkType: hard

"@babel/helper-split-export-declaration@npm:^7.22.6":
  version: 7.22.6
  resolution: "@babel/helper-split-export-declaration@npm:7.22.6"
  dependencies:
    "@babel/types": ^7.22.5
  checksum: e141cace583b19d9195f9c2b8e17a3ae913b7ee9b8120246d0f9ca349ca6f03cb2c001fd5ec57488c544347c0bb584afec66c936511e447fd20a360e591ac921
  languageName: node
  linkType: hard

"@babel/helper-string-parser@npm:^7.22.5":
  version: 7.22.5
  resolution: "@babel/helper-string-parser@npm:7.22.5"
  checksum: 836851ca5ec813077bbb303acc992d75a360267aa3b5de7134d220411c852a6f17de7c0d0b8c8dcc0f567f67874c00f4528672b2a4f1bc978a3ada64c8c78467
  languageName: node
  linkType: hard

"@babel/helper-validator-identifier@npm:^7.16.7, @babel/helper-validator-identifier@npm:^7.22.20":
  version: 7.22.20
  resolution: "@babel/helper-validator-identifier@npm:7.22.20"
  checksum: 136412784d9428266bcdd4d91c32bcf9ff0e8d25534a9d94b044f77fe76bc50f941a90319b05aafd1ec04f7d127cd57a179a3716009ff7f3412ef835ada95bdc
  languageName: node
  linkType: hard

"@babel/highlight@npm:^7.22.13":
  version: 7.22.20
  resolution: "@babel/highlight@npm:7.22.20"
  dependencies:
    "@babel/helper-validator-identifier": ^7.22.20
    chalk: ^2.4.2
    js-tokens: ^4.0.0
  checksum: 84bd034dca309a5e680083cd827a766780ca63cef37308404f17653d32366ea76262bd2364b2d38776232f2d01b649f26721417d507e8b4b6da3e4e739f6d134
  languageName: node
  linkType: hard

"@babel/parser@npm:^7.20.5, @babel/parser@npm:^7.22.15, @babel/parser@npm:^7.23.0":
  version: 7.23.0
  resolution: "@babel/parser@npm:7.23.0"
  bin:
    parser: ./bin/babel-parser.js
  checksum: 453fdf8b9e2c2b7d7b02139e0ce003d1af21947bbc03eb350fb248ee335c9b85e4ab41697ddbdd97079698de825a265e45a0846bb2ed47a2c7c1df833f42a354
  languageName: node
  linkType: hard

"@babel/template@npm:^7.22.15":
  version: 7.22.15
  resolution: "@babel/template@npm:7.22.15"
  dependencies:
    "@babel/code-frame": ^7.22.13
    "@babel/parser": ^7.22.15
    "@babel/types": ^7.22.15
  checksum: 1f3e7dcd6c44f5904c184b3f7fe280394b191f2fed819919ffa1e529c259d5b197da8981b6ca491c235aee8dbad4a50b7e31304aa531271cb823a4a24a0dd8fd
  languageName: node
  linkType: hard

"@babel/traverse@npm:7.23.2":
  version: 7.23.2
  resolution: "@babel/traverse@npm:7.23.2"
  dependencies:
    "@babel/code-frame": ^7.22.13
    "@babel/generator": ^7.23.0
    "@babel/helper-environment-visitor": ^7.22.20
    "@babel/helper-function-name": ^7.23.0
    "@babel/helper-hoist-variables": ^7.22.5
    "@babel/helper-split-export-declaration": ^7.22.6
    "@babel/parser": ^7.23.0
    "@babel/types": ^7.23.0
    debug: ^4.1.0
    globals: ^11.1.0
  checksum: 26a1eea0dde41ab99dde8b9773a013a0dc50324e5110a049f5d634e721ff08afffd54940b3974a20308d7952085ac769689369e9127dea655f868c0f6e1ab35d
  languageName: node
  linkType: hard

"@babel/types@npm:7.17.0":
  version: 7.17.0
  resolution: "@babel/types@npm:7.17.0"
  dependencies:
    "@babel/helper-validator-identifier": ^7.16.7
    to-fast-properties: ^2.0.0
  checksum: 12e5a287986fe557188e87b2c5202223f1dc83d9239a196ab936fdb9f8c1eb0be717ff19f934b5fad4e29a75586d5798f74bed209bccea1c20376b9952056f0e
  languageName: node
  linkType: hard

"@babel/types@npm:^7.17.0, @babel/types@npm:^7.22.15, @babel/types@npm:^7.22.5, @babel/types@npm:^7.23.0, @babel/types@npm:^7.8.3":
  version: 7.23.0
  resolution: "@babel/types@npm:7.23.0"
  dependencies:
    "@babel/helper-string-parser": ^7.22.5
    "@babel/helper-validator-identifier": ^7.22.20
    to-fast-properties: ^2.0.0
  checksum: 215fe04bd7feef79eeb4d33374b39909ce9cad1611c4135a4f7fdf41fe3280594105af6d7094354751514625ea92d0875aba355f53e86a92600f290e77b0e604
  languageName: node
  linkType: hard

"@hypothesis/frontend-testing@workspace:.":
  version: 0.0.0-use.local
  resolution: "@hypothesis/frontend-testing@workspace:."
  dependencies:
    "@trivago/prettier-plugin-sort-imports": ^4.2.0
    axe-core: ^4.8.2
    enzyme: ^3.11.0
    preact: ^10.18.1
    prettier: ^3.0.3
    typescript: ^5.2.2
  languageName: unknown
  linkType: soft

"@jridgewell/gen-mapping@npm:^0.3.2":
  version: 0.3.3
  resolution: "@jridgewell/gen-mapping@npm:0.3.3"
  dependencies:
    "@jridgewell/set-array": ^1.0.1
    "@jridgewell/sourcemap-codec": ^1.4.10
    "@jridgewell/trace-mapping": ^0.3.9
  checksum: 4a74944bd31f22354fc01c3da32e83c19e519e3bbadafa114f6da4522ea77dd0c2842607e923a591d60a76699d819a2fbb6f3552e277efdb9b58b081390b60ab
  languageName: node
  linkType: hard

"@jridgewell/resolve-uri@npm:^3.1.0":
  version: 3.1.1
  resolution: "@jridgewell/resolve-uri@npm:3.1.1"
  checksum: f5b441fe7900eab4f9155b3b93f9800a916257f4e8563afbcd3b5a5337b55e52bd8ae6735453b1b745457d9f6cdb16d74cd6220bbdd98cf153239e13f6cbb653
  languageName: node
  linkType: hard

"@jridgewell/set-array@npm:^1.0.1":
  version: 1.1.2
  resolution: "@jridgewell/set-array@npm:1.1.2"
  checksum: 69a84d5980385f396ff60a175f7177af0b8da4ddb81824cb7016a9ef914eee9806c72b6b65942003c63f7983d4f39a5c6c27185bbca88eb4690b62075602e28e
  languageName: node
  linkType: hard

"@jridgewell/sourcemap-codec@npm:^1.4.10, @jridgewell/sourcemap-codec@npm:^1.4.14":
  version: 1.4.15
  resolution: "@jridgewell/sourcemap-codec@npm:1.4.15"
  checksum: b881c7e503db3fc7f3c1f35a1dd2655a188cc51a3612d76efc8a6eb74728bef5606e6758ee77423e564092b4a518aba569bbb21c9bac5ab7a35b0c6ae7e344c8
  languageName: node
  linkType: hard

"@jridgewell/trace-mapping@npm:^0.3.17, @jridgewell/trace-mapping@npm:^0.3.9":
  version: 0.3.19
  resolution: "@jridgewell/trace-mapping@npm:0.3.19"
  dependencies:
    "@jridgewell/resolve-uri": ^3.1.0
    "@jridgewell/sourcemap-codec": ^1.4.14
  checksum: 956a6f0f6fec060fb48c6bf1f5ec2064e13cd38c8be3873877d4b92b4a27ba58289a34071752671262a3e3c202abcc3fa2aac64d8447b4b0fa1ba3c9047f1c20
  languageName: node
  linkType: hard

"@trivago/prettier-plugin-sort-imports@npm:^4.2.0":
  version: 4.3.0
  resolution: "@trivago/prettier-plugin-sort-imports@npm:4.3.0"
  dependencies:
    "@babel/generator": 7.17.7
    "@babel/parser": ^7.20.5
    "@babel/traverse": 7.23.2
    "@babel/types": 7.17.0
    javascript-natural-sort: 0.7.1
    lodash: ^4.17.21
  peerDependencies:
    "@vue/compiler-sfc": 3.x
    prettier: 2.x - 3.x
  peerDependenciesMeta:
    "@vue/compiler-sfc":
      optional: true
  checksum: 22bb311ca24f09eef25915a66727e7be113b703f196f6ea0589dc9730b11a6f1e5e4bcc468213101d138b570d310792c83abb8d9487c53f9e597942fea052b6e
  languageName: node
  linkType: hard

"ansi-styles@npm:^3.2.1":
  version: 3.2.1
  resolution: "ansi-styles@npm:3.2.1"
  dependencies:
    color-convert: ^1.9.0
  checksum: d85ade01c10e5dd77b6c89f34ed7531da5830d2cb5882c645f330079975b716438cd7ebb81d0d6e6b4f9c577f19ae41ab55f07f19786b02f9dfd9e0377395665
  languageName: node
  linkType: hard

"array-buffer-byte-length@npm:^1.0.0":
  version: 1.0.0
  resolution: "array-buffer-byte-length@npm:1.0.0"
  dependencies:
    call-bind: ^1.0.2
    is-array-buffer: ^3.0.1
  checksum: 044e101ce150f4804ad19c51d6c4d4cfa505c5b2577bd179256e4aa3f3f6a0a5e9874c78cd428ee566ac574c8a04d7ce21af9fe52e844abfdccb82b33035a7c3
  languageName: node
  linkType: hard

"array.prototype.filter@npm:^1.0.0":
  version: 1.0.3
  resolution: "array.prototype.filter@npm:1.0.3"
  dependencies:
    call-bind: ^1.0.2
    define-properties: ^1.2.0
    es-abstract: ^1.22.1
    es-array-method-boxes-properly: ^1.0.0
    is-string: ^1.0.7
  checksum: 5443cde6ad64596649e5751252b1b2f5242b41052980c2fb2506ba485e3ffd7607e8f6f2f1aefa0cb1cfb9b8623b2b2be103579cb367a161a3426400619b6e73
  languageName: node
  linkType: hard

"array.prototype.flat@npm:^1.2.3":
  version: 1.3.2
  resolution: "array.prototype.flat@npm:1.3.2"
  dependencies:
    call-bind: ^1.0.2
    define-properties: ^1.2.0
    es-abstract: ^1.22.1
    es-shim-unscopables: ^1.0.0
  checksum: 5d6b4bf102065fb3f43764bfff6feb3295d372ce89591e6005df3d0ce388527a9f03c909af6f2a973969a4d178ab232ffc9236654149173e0e187ec3a1a6b87b
  languageName: node
  linkType: hard

"arraybuffer.prototype.slice@npm:^1.0.2":
  version: 1.0.2
  resolution: "arraybuffer.prototype.slice@npm:1.0.2"
  dependencies:
    array-buffer-byte-length: ^1.0.0
    call-bind: ^1.0.2
    define-properties: ^1.2.0
    es-abstract: ^1.22.1
    get-intrinsic: ^1.2.1
    is-array-buffer: ^3.0.2
    is-shared-array-buffer: ^1.0.2
  checksum: c200faf437786f5b2c80d4564ff5481c886a16dee642ef02abdc7306c7edd523d1f01d1dd12b769c7eb42ac9bc53874510db19a92a2c035c0f6696172aafa5d3
  languageName: node
  linkType: hard

"available-typed-arrays@npm:^1.0.5":
  version: 1.0.5
  resolution: "available-typed-arrays@npm:1.0.5"
  checksum: 20eb47b3cefd7db027b9bbb993c658abd36d4edd3fe1060e83699a03ee275b0c9b216cc076ff3f2db29073225fb70e7613987af14269ac1fe2a19803ccc97f1a
  languageName: node
  linkType: hard

"axe-core@npm:^4.8.2":
  version: 4.10.2
  resolution: "axe-core@npm:4.10.2"
  checksum: 2b9b1c93ea73ea9f206604e4e17bd771d2d835f077bde54517d73028b8865c69b209460e73d5b109968cbdb39ab3d28943efa5695189bd79e16421ce1706719e
  languageName: node
  linkType: hard

"boolbase@npm:^1.0.0":
  version: 1.0.0
  resolution: "boolbase@npm:1.0.0"
  checksum: 3e25c80ef626c3a3487c73dbfc70ac322ec830666c9ad915d11b701142fab25ec1e63eff2c450c74347acfd2de854ccde865cd79ef4db1683f7c7b046ea43bb0
  languageName: node
  linkType: hard

"call-bind@npm:^1.0.0, call-bind@npm:^1.0.2":
  version: 1.0.2
  resolution: "call-bind@npm:1.0.2"
  dependencies:
    function-bind: ^1.1.1
    get-intrinsic: ^1.0.2
  checksum: f8e31de9d19988a4b80f3e704788c4a2d6b6f3d17cfec4f57dc29ced450c53a49270dc66bf0fbd693329ee948dd33e6c90a329519aef17474a4d961e8d6426b0
  languageName: node
  linkType: hard

"chalk@npm:^2.4.2":
  version: 2.4.2
  resolution: "chalk@npm:2.4.2"
  dependencies:
    ansi-styles: ^3.2.1
    escape-string-regexp: ^1.0.5
    supports-color: ^5.3.0
  checksum: ec3661d38fe77f681200f878edbd9448821924e0f93a9cefc0e26a33b145f1027a2084bf19967160d11e1f03bfe4eaffcabf5493b89098b2782c3fe0b03d80c2
  languageName: node
  linkType: hard

"cheerio-select@npm:^2.1.0":
  version: 2.1.0
  resolution: "cheerio-select@npm:2.1.0"
  dependencies:
    boolbase: ^1.0.0
    css-select: ^5.1.0
    css-what: ^6.1.0
    domelementtype: ^2.3.0
    domhandler: ^5.0.3
    domutils: ^3.0.1
  checksum: 843d6d479922f28a6c5342c935aff1347491156814de63c585a6eb73baf7bb4185c1b4383a1195dca0f12e3946d737c7763bcef0b9544c515d905c5c44c5308b
  languageName: node
  linkType: hard

"cheerio@npm:^1.0.0-rc.3":
  version: 1.0.0-rc.12
  resolution: "cheerio@npm:1.0.0-rc.12"
  dependencies:
    cheerio-select: ^2.1.0
    dom-serializer: ^2.0.0
    domhandler: ^5.0.3
    domutils: ^3.0.1
    htmlparser2: ^8.0.1
    parse5: ^7.0.0
    parse5-htmlparser2-tree-adapter: ^7.0.0
  checksum: 5d4c1b7a53cf22d3a2eddc0aff70cf23cbb30d01a4c79013e703a012475c02461aa1fcd99127e8d83a02216386ed6942b2c8103845fd0812300dd199e6e7e054
  languageName: node
  linkType: hard

"color-convert@npm:^1.9.0":
  version: 1.9.3
  resolution: "color-convert@npm:1.9.3"
  dependencies:
    color-name: 1.1.3
  checksum: fd7a64a17cde98fb923b1dd05c5f2e6f7aefda1b60d67e8d449f9328b4e53b228a428fd38bfeaeb2db2ff6b6503a776a996150b80cdf224062af08a5c8a3a203
  languageName: node
  linkType: hard

"color-name@npm:1.1.3":
  version: 1.1.3
  resolution: "color-name@npm:1.1.3"
  checksum: 09c5d3e33d2105850153b14466501f2bfb30324a2f76568a408763a3b7433b0e50e5b4ab1947868e65cb101bb7cb75029553f2c333b6d4b8138a73fcc133d69d
  languageName: node
  linkType: hard

"commander@npm:^2.19.0":
  version: 2.20.3
  resolution: "commander@npm:2.20.3"
  checksum: ab8c07884e42c3a8dbc5dd9592c606176c7eb5c1ca5ff274bcf907039b2c41de3626f684ea75ccf4d361ba004bbaff1f577d5384c155f3871e456bdf27becf9e
  languageName: node
  linkType: hard

"css-select@npm:^5.1.0":
  version: 5.1.0
  resolution: "css-select@npm:5.1.0"
  dependencies:
    boolbase: ^1.0.0
    css-what: ^6.1.0
    domhandler: ^5.0.2
    domutils: ^3.0.1
    nth-check: ^2.0.1
  checksum: 2772c049b188d3b8a8159907192e926e11824aea525b8282981f72ba3f349cf9ecd523fdf7734875ee2cb772246c22117fc062da105b6d59afe8dcd5c99c9bda
  languageName: node
  linkType: hard

"css-what@npm:^6.1.0":
  version: 6.1.0
  resolution: "css-what@npm:6.1.0"
  checksum: b975e547e1e90b79625918f84e67db5d33d896e6de846c9b584094e529f0c63e2ab85ee33b9daffd05bff3a146a1916bec664e18bb76dd5f66cbff9fc13b2bbe
  languageName: node
  linkType: hard

"debug@npm:^4.1.0":
  version: 4.3.4
  resolution: "debug@npm:4.3.4"
  dependencies:
    ms: 2.1.2
  peerDependenciesMeta:
    supports-color:
      optional: true
  checksum: 3dbad3f94ea64f34431a9cbf0bafb61853eda57bff2880036153438f50fb5a84f27683ba0d8e5426bf41a8c6ff03879488120cf5b3a761e77953169c0600a708
  languageName: node
  linkType: hard

"define-data-property@npm:^1.0.1":
  version: 1.1.0
  resolution: "define-data-property@npm:1.1.0"
  dependencies:
    get-intrinsic: ^1.2.1
    gopd: ^1.0.1
    has-property-descriptors: ^1.0.0
  checksum: 7ad4ee84cca8ad427a4831f5693526804b62ce9dfd4efac77214e95a4382aed930072251d4075dc8dc9fc949a353ed51f19f5285a84a788ba9216cc51472a093
  languageName: node
  linkType: hard

"define-properties@npm:^1.1.3, define-properties@npm:^1.1.4, define-properties@npm:^1.2.0":
  version: 1.2.1
  resolution: "define-properties@npm:1.2.1"
  dependencies:
    define-data-property: ^1.0.1
    has-property-descriptors: ^1.0.0
    object-keys: ^1.1.1
  checksum: b4ccd00597dd46cb2d4a379398f5b19fca84a16f3374e2249201992f36b30f6835949a9429669ee6b41b6e837205a163eadd745e472069e70dfc10f03e5fcc12
  languageName: node
  linkType: hard

"discontinuous-range@npm:1.0.0":
  version: 1.0.0
  resolution: "discontinuous-range@npm:1.0.0"
  checksum: 8ee88d7082445b6eadc7c03bebe6dc978f96760c45e9f65d16ca66174d9e086a9e3855ee16acf65625e1a07a846a17de674f02a5964a6aebe5963662baf8b5c8
  languageName: node
  linkType: hard

"dom-serializer@npm:^2.0.0":
  version: 2.0.0
  resolution: "dom-serializer@npm:2.0.0"
  dependencies:
    domelementtype: ^2.3.0
    domhandler: ^5.0.2
    entities: ^4.2.0
  checksum: cd1810544fd8cdfbd51fa2c0c1128ec3a13ba92f14e61b7650b5de421b88205fd2e3f0cc6ace82f13334114addb90ed1c2f23074a51770a8e9c1273acbc7f3e6
  languageName: node
  linkType: hard

"domelementtype@npm:^2.3.0":
  version: 2.3.0
  resolution: "domelementtype@npm:2.3.0"
  checksum: ee837a318ff702622f383409d1f5b25dd1024b692ef64d3096ff702e26339f8e345820f29a68bcdcea8cfee3531776b3382651232fbeae95612d6f0a75efb4f6
  languageName: node
  linkType: hard

"domhandler@npm:^5.0.2, domhandler@npm:^5.0.3":
  version: 5.0.3
  resolution: "domhandler@npm:5.0.3"
  dependencies:
    domelementtype: ^2.3.0
  checksum: 0f58f4a6af63e6f3a4320aa446d28b5790a009018707bce2859dcb1d21144c7876482b5188395a188dfa974238c019e0a1e610d2fc269a12b2c192ea2b0b131c
  languageName: node
  linkType: hard

"domutils@npm:^3.0.1":
  version: 3.1.0
  resolution: "domutils@npm:3.1.0"
  dependencies:
    dom-serializer: ^2.0.0
    domelementtype: ^2.3.0
    domhandler: ^5.0.3
  checksum: e5757456ddd173caa411cfc02c2bb64133c65546d2c4081381a3bafc8a57411a41eed70494551aa58030be9e58574fcc489828bebd673863d39924fb4878f416
  languageName: node
  linkType: hard

"entities@npm:^4.2.0, entities@npm:^4.4.0":
  version: 4.5.0
  resolution: "entities@npm:4.5.0"
  checksum: 853f8ebd5b425d350bffa97dd6958143179a5938352ccae092c62d1267c4e392a039be1bae7d51b6e4ffad25f51f9617531fedf5237f15df302ccfb452cbf2d7
  languageName: node
  linkType: hard

"enzyme-shallow-equal@npm:^1.0.1":
  version: 1.0.5
  resolution: "enzyme-shallow-equal@npm:1.0.5"
  dependencies:
    has: ^1.0.3
    object-is: ^1.1.5
  checksum: e18a728225b3ef501a223608955e2c8e915adf24dfe4d778bdbc89e4ecd80384723e9d44780176be1529f6b642e7837211f502bff89f62833d8f9cae027997e0
  languageName: node
  linkType: hard

"enzyme@npm:^3.11.0":
  version: 3.11.0
  resolution: "enzyme@npm:3.11.0"
  dependencies:
    array.prototype.flat: ^1.2.3
    cheerio: ^1.0.0-rc.3
    enzyme-shallow-equal: ^1.0.1
    function.prototype.name: ^1.1.2
    has: ^1.0.3
    html-element-map: ^1.2.0
    is-boolean-object: ^1.0.1
    is-callable: ^1.1.5
    is-number-object: ^1.0.4
    is-regex: ^1.0.5
    is-string: ^1.0.5
    is-subset: ^0.1.1
    lodash.escape: ^4.0.1
    lodash.isequal: ^4.5.0
    object-inspect: ^1.7.0
    object-is: ^1.0.2
    object.assign: ^4.1.0
    object.entries: ^1.1.1
    object.values: ^1.1.1
    raf: ^3.4.1
    rst-selector-parser: ^2.2.3
    string.prototype.trim: ^1.2.1
  checksum: 69ae80049c3f405122b8e619f1cf8b04f32b3cc2b6134c29ed8c0f05e87a0b15080f1121096ec211954a710f4787300af9157078c863012de87eee16e98e64ea
  languageName: node
  linkType: hard

"es-abstract@npm:^1.22.1":
  version: 1.22.2
  resolution: "es-abstract@npm:1.22.2"
  dependencies:
    array-buffer-byte-length: ^1.0.0
    arraybuffer.prototype.slice: ^1.0.2
    available-typed-arrays: ^1.0.5
    call-bind: ^1.0.2
    es-set-tostringtag: ^2.0.1
    es-to-primitive: ^1.2.1
    function.prototype.name: ^1.1.6
    get-intrinsic: ^1.2.1
    get-symbol-description: ^1.0.0
    globalthis: ^1.0.3
    gopd: ^1.0.1
    has: ^1.0.3
    has-property-descriptors: ^1.0.0
    has-proto: ^1.0.1
    has-symbols: ^1.0.3
    internal-slot: ^1.0.5
    is-array-buffer: ^3.0.2
    is-callable: ^1.2.7
    is-negative-zero: ^2.0.2
    is-regex: ^1.1.4
    is-shared-array-buffer: ^1.0.2
    is-string: ^1.0.7
    is-typed-array: ^1.1.12
    is-weakref: ^1.0.2
    object-inspect: ^1.12.3
    object-keys: ^1.1.1
    object.assign: ^4.1.4
    regexp.prototype.flags: ^1.5.1
    safe-array-concat: ^1.0.1
    safe-regex-test: ^1.0.0
    string.prototype.trim: ^1.2.8
    string.prototype.trimend: ^1.0.7
    string.prototype.trimstart: ^1.0.7
    typed-array-buffer: ^1.0.0
    typed-array-byte-length: ^1.0.0
    typed-array-byte-offset: ^1.0.0
    typed-array-length: ^1.0.4
    unbox-primitive: ^1.0.2
    which-typed-array: ^1.1.11
  checksum: cc70e592d360d7d729859013dee7a610c6b27ed8630df0547c16b0d16d9fe6505a70ee14d1af08d970fdd132b3f88c9ca7815ce72c9011608abf8ab0e55fc515
  languageName: node
  linkType: hard

"es-array-method-boxes-properly@npm:^1.0.0":
  version: 1.0.0
  resolution: "es-array-method-boxes-properly@npm:1.0.0"
  checksum: 2537fcd1cecf187083890bc6f5236d3a26bf39237433587e5bf63392e88faae929dbba78ff0120681a3f6f81c23fe3816122982c160d63b38c95c830b633b826
  languageName: node
  linkType: hard

"es-set-tostringtag@npm:^2.0.1":
  version: 2.0.1
  resolution: "es-set-tostringtag@npm:2.0.1"
  dependencies:
    get-intrinsic: ^1.1.3
    has: ^1.0.3
    has-tostringtag: ^1.0.0
  checksum: ec416a12948cefb4b2a5932e62093a7cf36ddc3efd58d6c58ca7ae7064475ace556434b869b0bbeb0c365f1032a8ccd577211101234b69837ad83ad204fff884
  languageName: node
  linkType: hard

"es-shim-unscopables@npm:^1.0.0":
  version: 1.0.0
  resolution: "es-shim-unscopables@npm:1.0.0"
  dependencies:
    has: ^1.0.3
  checksum: 83e95cadbb6ee44d3644dfad60dcad7929edbc42c85e66c3e99aefd68a3a5c5665f2686885cddb47dfeabfd77bd5ea5a7060f2092a955a729bbd8834f0d86fa1
  languageName: node
  linkType: hard

"es-to-primitive@npm:^1.2.1":
  version: 1.2.1
  resolution: "es-to-primitive@npm:1.2.1"
  dependencies:
    is-callable: ^1.1.4
    is-date-object: ^1.0.1
    is-symbol: ^1.0.2
  checksum: 4ead6671a2c1402619bdd77f3503991232ca15e17e46222b0a41a5d81aebc8740a77822f5b3c965008e631153e9ef0580540007744521e72de8e33599fca2eed
  languageName: node
  linkType: hard

"escape-string-regexp@npm:^1.0.5":
  version: 1.0.5
  resolution: "escape-string-regexp@npm:1.0.5"
  checksum: 6092fda75c63b110c706b6a9bfde8a612ad595b628f0bd2147eea1d3406723020810e591effc7db1da91d80a71a737a313567c5abb3813e8d9c71f4aa595b410
  languageName: node
  linkType: hard

"for-each@npm:^0.3.3":
  version: 0.3.3
  resolution: "for-each@npm:0.3.3"
  dependencies:
    is-callable: ^1.1.3
  checksum: 6c48ff2bc63362319c65e2edca4a8e1e3483a2fabc72fbe7feaf8c73db94fc7861bd53bc02c8a66a0c1dd709da6b04eec42e0abdd6b40ce47305ae92a25e5d28
  languageName: node
  linkType: hard

"function-bind@npm:^1.1.1":
  version: 1.1.1
  resolution: "function-bind@npm:1.1.1"
  checksum: b32fbaebb3f8ec4969f033073b43f5c8befbb58f1a79e12f1d7490358150359ebd92f49e72ff0144f65f2c48ea2a605bff2d07965f548f6474fd8efd95bf361a
  languageName: node
  linkType: hard

"function.prototype.name@npm:^1.1.2, function.prototype.name@npm:^1.1.6":
  version: 1.1.6
  resolution: "function.prototype.name@npm:1.1.6"
  dependencies:
    call-bind: ^1.0.2
    define-properties: ^1.2.0
    es-abstract: ^1.22.1
    functions-have-names: ^1.2.3
  checksum: 7a3f9bd98adab09a07f6e1f03da03d3f7c26abbdeaeee15223f6c04a9fb5674792bdf5e689dac19b97ac71de6aad2027ba3048a9b883aa1b3173eed6ab07f479
  languageName: node
  linkType: hard

"functions-have-names@npm:^1.2.3":
  version: 1.2.3
  resolution: "functions-have-names@npm:1.2.3"
  checksum: c3f1f5ba20f4e962efb71344ce0a40722163e85bee2101ce25f88214e78182d2d2476aa85ef37950c579eb6cf6ee811c17b3101bb84004bb75655f3e33f3fdb5
  languageName: node
  linkType: hard

"get-intrinsic@npm:^1.0.2, get-intrinsic@npm:^1.1.1, get-intrinsic@npm:^1.1.3, get-intrinsic@npm:^1.2.0, get-intrinsic@npm:^1.2.1":
  version: 1.2.1
  resolution: "get-intrinsic@npm:1.2.1"
  dependencies:
    function-bind: ^1.1.1
    has: ^1.0.3
    has-proto: ^1.0.1
    has-symbols: ^1.0.3
  checksum: 5b61d88552c24b0cf6fa2d1b3bc5459d7306f699de060d76442cce49a4721f52b8c560a33ab392cf5575b7810277d54ded9d4d39a1ea61855619ebc005aa7e5f
  languageName: node
  linkType: hard

"get-symbol-description@npm:^1.0.0":
  version: 1.0.0
  resolution: "get-symbol-description@npm:1.0.0"
  dependencies:
    call-bind: ^1.0.2
    get-intrinsic: ^1.1.1
  checksum: 9ceff8fe968f9270a37a1f73bf3f1f7bda69ca80f4f80850670e0e7b9444ff99323f7ac52f96567f8b5f5fbe7ac717a0d81d3407c7313e82810c6199446a5247
  languageName: node
  linkType: hard

"globals@npm:^11.1.0":
  version: 11.12.0
  resolution: "globals@npm:11.12.0"
  checksum: 67051a45eca3db904aee189dfc7cd53c20c7d881679c93f6146ddd4c9f4ab2268e68a919df740d39c71f4445d2b38ee360fc234428baea1dbdfe68bbcb46979e
  languageName: node
  linkType: hard

"globalthis@npm:^1.0.3":
  version: 1.0.3
  resolution: "globalthis@npm:1.0.3"
  dependencies:
    define-properties: ^1.1.3
  checksum: fbd7d760dc464c886d0196166d92e5ffb4c84d0730846d6621a39fbbc068aeeb9c8d1421ad330e94b7bca4bb4ea092f5f21f3d36077812af5d098b4dc006c998
  languageName: node
  linkType: hard

"gopd@npm:^1.0.1":
  version: 1.0.1
  resolution: "gopd@npm:1.0.1"
  dependencies:
    get-intrinsic: ^1.1.3
  checksum: a5ccfb8806e0917a94e0b3de2af2ea4979c1da920bc381667c260e00e7cafdbe844e2cb9c5bcfef4e5412e8bf73bab837285bc35c7ba73aaaf0134d4583393a6
  languageName: node
  linkType: hard

"has-bigints@npm:^1.0.1, has-bigints@npm:^1.0.2":
  version: 1.0.2
  resolution: "has-bigints@npm:1.0.2"
  checksum: 390e31e7be7e5c6fe68b81babb73dfc35d413604d7ee5f56da101417027a4b4ce6a27e46eff97ad040c835b5d228676eae99a9b5c3bc0e23c8e81a49241ff45b
  languageName: node
  linkType: hard

"has-flag@npm:^3.0.0":
  version: 3.0.0
  resolution: "has-flag@npm:3.0.0"
  checksum: 4a15638b454bf086c8148979aae044dd6e39d63904cd452d970374fa6a87623423da485dfb814e7be882e05c096a7ccf1ebd48e7e7501d0208d8384ff4dea73b
  languageName: node
  linkType: hard

"has-property-descriptors@npm:^1.0.0":
  version: 1.0.0
  resolution: "has-property-descriptors@npm:1.0.0"
  dependencies:
    get-intrinsic: ^1.1.1
  checksum: a6d3f0a266d0294d972e354782e872e2fe1b6495b321e6ef678c9b7a06a40408a6891817350c62e752adced73a94ac903c54734fee05bf65b1905ee1368194bb
  languageName: node
  linkType: hard

"has-proto@npm:^1.0.1":
  version: 1.0.1
  resolution: "has-proto@npm:1.0.1"
  checksum: febc5b5b531de8022806ad7407935e2135f1cc9e64636c3916c6842bd7995994ca3b29871ecd7954bd35f9e2986c17b3b227880484d22259e2f8e6ce63fd383e
  languageName: node
  linkType: hard

"has-symbols@npm:^1.0.2, has-symbols@npm:^1.0.3":
  version: 1.0.3
  resolution: "has-symbols@npm:1.0.3"
  checksum: a054c40c631c0d5741a8285010a0777ea0c068f99ed43e5d6eb12972da223f8af553a455132fdb0801bdcfa0e0f443c0c03a68d8555aa529b3144b446c3f2410
  languageName: node
  linkType: hard

"has-tostringtag@npm:^1.0.0":
  version: 1.0.0
  resolution: "has-tostringtag@npm:1.0.0"
  dependencies:
    has-symbols: ^1.0.2
  checksum: cc12eb28cb6ae22369ebaad3a8ab0799ed61270991be88f208d508076a1e99abe4198c965935ce85ea90b60c94ddda73693b0920b58e7ead048b4a391b502c1c
  languageName: node
  linkType: hard

"has@npm:^1.0.3":
  version: 1.0.4
  resolution: "has@npm:1.0.4"
  checksum: 8a11ba062e0627c9578a1d08285401e39f1d071a9692ddf793199070edb5648b21c774dd733e2a181edd635bf6862731885f476f4ccf67c998d7a5ff7cef2550
  languageName: node
  linkType: hard

"html-element-map@npm:^1.2.0":
  version: 1.3.1
  resolution: "html-element-map@npm:1.3.1"
  dependencies:
    array.prototype.filter: ^1.0.0
    call-bind: ^1.0.2
  checksum: 7408da008d37bfa76b597e298ae0ed530258065deb29fbd73d40f7cbd123b654d1022a7a8cfbe713e57d90c5bef844399f5c8a46cde7d55c91d305024c921d08
  languageName: node
  linkType: hard

"htmlparser2@npm:^8.0.1":
  version: 8.0.2
  resolution: "htmlparser2@npm:8.0.2"
  dependencies:
    domelementtype: ^2.3.0
    domhandler: ^5.0.3
    domutils: ^3.0.1
    entities: ^4.4.0
  checksum: 29167a0f9282f181da8a6d0311b76820c8a59bc9e3c87009e21968264c2987d2723d6fde5a964d4b7b6cba663fca96ffb373c06d8223a85f52a6089ced942700
  languageName: node
  linkType: hard

"internal-slot@npm:^1.0.5":
  version: 1.0.5
  resolution: "internal-slot@npm:1.0.5"
  dependencies:
    get-intrinsic: ^1.2.0
    has: ^1.0.3
    side-channel: ^1.0.4
  checksum: 97e84046bf9e7574d0956bd98d7162313ce7057883b6db6c5c7b5e5f05688864b0978ba07610c726d15d66544ffe4b1050107d93f8a39ebc59b15d8b429b497a
  languageName: node
  linkType: hard

"is-array-buffer@npm:^3.0.1, is-array-buffer@npm:^3.0.2":
  version: 3.0.2
  resolution: "is-array-buffer@npm:3.0.2"
  dependencies:
    call-bind: ^1.0.2
    get-intrinsic: ^1.2.0
    is-typed-array: ^1.1.10
  checksum: dcac9dda66ff17df9cabdc58214172bf41082f956eab30bb0d86bc0fab1e44b690fc8e1f855cf2481245caf4e8a5a006a982a71ddccec84032ed41f9d8da8c14
  languageName: node
  linkType: hard

"is-bigint@npm:^1.0.1":
  version: 1.0.4
  resolution: "is-bigint@npm:1.0.4"
  dependencies:
    has-bigints: ^1.0.1
  checksum: c56edfe09b1154f8668e53ebe8252b6f185ee852a50f9b41e8d921cb2bed425652049fbe438723f6cb48a63ca1aa051e948e7e401e093477c99c84eba244f666
  languageName: node
  linkType: hard

"is-boolean-object@npm:^1.0.1, is-boolean-object@npm:^1.1.0":
  version: 1.1.2
  resolution: "is-boolean-object@npm:1.1.2"
  dependencies:
    call-bind: ^1.0.2
    has-tostringtag: ^1.0.0
  checksum: c03b23dbaacadc18940defb12c1c0e3aaece7553ef58b162a0f6bba0c2a7e1551b59f365b91e00d2dbac0522392d576ef322628cb1d036a0fe51eb466db67222
  languageName: node
  linkType: hard

"is-callable@npm:^1.1.3, is-callable@npm:^1.1.4, is-callable@npm:^1.1.5, is-callable@npm:^1.2.7":
  version: 1.2.7
  resolution: "is-callable@npm:1.2.7"
  checksum: 61fd57d03b0d984e2ed3720fb1c7a897827ea174bd44402878e059542ea8c4aeedee0ea0985998aa5cc2736b2fa6e271c08587addb5b3959ac52cf665173d1ac
  languageName: node
  linkType: hard

"is-date-object@npm:^1.0.1":
  version: 1.0.5
  resolution: "is-date-object@npm:1.0.5"
  dependencies:
    has-tostringtag: ^1.0.0
  checksum: baa9077cdf15eb7b58c79398604ca57379b2fc4cf9aa7a9b9e295278648f628c9b201400c01c5e0f7afae56507d741185730307cbe7cad3b9f90a77e5ee342fc
  languageName: node
  linkType: hard

"is-negative-zero@npm:^2.0.2":
  version: 2.0.2
  resolution: "is-negative-zero@npm:2.0.2"
  checksum: f3232194c47a549da60c3d509c9a09be442507616b69454716692e37ae9f37c4dea264fb208ad0c9f3efd15a796a46b79df07c7e53c6227c32170608b809149a
  languageName: node
  linkType: hard

"is-number-object@npm:^1.0.4":
  version: 1.0.7
  resolution: "is-number-object@npm:1.0.7"
  dependencies:
    has-tostringtag: ^1.0.0
  checksum: d1e8d01bb0a7134c74649c4e62da0c6118a0bfc6771ea3c560914d52a627873e6920dd0fd0ebc0e12ad2ff4687eac4c308f7e80320b973b2c8a2c8f97a7524f7
  languageName: node
  linkType: hard

"is-regex@npm:^1.0.5, is-regex@npm:^1.1.4":
  version: 1.1.4
  resolution: "is-regex@npm:1.1.4"
  dependencies:
    call-bind: ^1.0.2
    has-tostringtag: ^1.0.0
  checksum: 362399b33535bc8f386d96c45c9feb04cf7f8b41c182f54174c1a45c9abbbe5e31290bbad09a458583ff6bf3b2048672cdb1881b13289569a7c548370856a652
  languageName: node
  linkType: hard

"is-shared-array-buffer@npm:^1.0.2":
  version: 1.0.2
  resolution: "is-shared-array-buffer@npm:1.0.2"
  dependencies:
    call-bind: ^1.0.2
  checksum: 9508929cf14fdc1afc9d61d723c6e8d34f5e117f0bffda4d97e7a5d88c3a8681f633a74f8e3ad1fe92d5113f9b921dc5ca44356492079612f9a247efbce7032a
  languageName: node
  linkType: hard

"is-string@npm:^1.0.5, is-string@npm:^1.0.7":
  version: 1.0.7
  resolution: "is-string@npm:1.0.7"
  dependencies:
    has-tostringtag: ^1.0.0
  checksum: 323b3d04622f78d45077cf89aab783b2f49d24dc641aa89b5ad1a72114cfeff2585efc8c12ef42466dff32bde93d839ad321b26884cf75e5a7892a938b089989
  languageName: node
  linkType: hard

"is-subset@npm:^0.1.1":
  version: 0.1.1
  resolution: "is-subset@npm:0.1.1"
  checksum: 97b8d7852af165269b7495095691a6ce6cf20bdfa1f846f97b4560ee190069686107af4e277fbd93aa0845c4d5db704391460ff6e9014aeb73264ba87893df44
  languageName: node
  linkType: hard

"is-symbol@npm:^1.0.2, is-symbol@npm:^1.0.3":
  version: 1.0.4
  resolution: "is-symbol@npm:1.0.4"
  dependencies:
    has-symbols: ^1.0.2
  checksum: 92805812ef590738d9de49d677cd17dfd486794773fb6fa0032d16452af46e9b91bb43ffe82c983570f015b37136f4b53b28b8523bfb10b0ece7a66c31a54510
  languageName: node
  linkType: hard

"is-typed-array@npm:^1.1.10, is-typed-array@npm:^1.1.12, is-typed-array@npm:^1.1.9":
  version: 1.1.12
  resolution: "is-typed-array@npm:1.1.12"
  dependencies:
    which-typed-array: ^1.1.11
  checksum: 4c89c4a3be07186caddadf92197b17fda663a9d259ea0d44a85f171558270d36059d1c386d34a12cba22dfade5aba497ce22778e866adc9406098c8fc4771796
  languageName: node
  linkType: hard

"is-weakref@npm:^1.0.2":
  version: 1.0.2
  resolution: "is-weakref@npm:1.0.2"
  dependencies:
    call-bind: ^1.0.2
  checksum: 95bd9a57cdcb58c63b1c401c60a474b0f45b94719c30f548c891860f051bc2231575c290a6b420c6bc6e7ed99459d424c652bd5bf9a1d5259505dc35b4bf83de
  languageName: node
  linkType: hard

"isarray@npm:^2.0.5":
  version: 2.0.5
  resolution: "isarray@npm:2.0.5"
  checksum: bd5bbe4104438c4196ba58a54650116007fa0262eccef13a4c55b2e09a5b36b59f1e75b9fcc49883dd9d4953892e6fc007eef9e9155648ceea036e184b0f930a
  languageName: node
  linkType: hard

"javascript-natural-sort@npm:0.7.1":
  version: 0.7.1
  resolution: "javascript-natural-sort@npm:0.7.1"
  checksum: 161e2c512cc7884bc055a582c6645d9032cab88497a76123d73cb23bfb03d97a04cf7772ecdb8bd3366fc07192c2f996366f479f725c23ef073fffe03d6a586a
  languageName: node
  linkType: hard

"js-tokens@npm:^4.0.0":
  version: 4.0.0
  resolution: "js-tokens@npm:4.0.0"
  checksum: 8a95213a5a77deb6cbe94d86340e8d9ace2b93bc367790b260101d2f36a2eaf4e4e22d9fa9cf459b38af3a32fb4190e638024cf82ec95ef708680e405ea7cc78
  languageName: node
  linkType: hard

"jsesc@npm:^2.5.1":
  version: 2.5.2
  resolution: "jsesc@npm:2.5.2"
  bin:
    jsesc: bin/jsesc
  checksum: 4dc190771129e12023f729ce20e1e0bfceac84d73a85bc3119f7f938843fe25a4aeccb54b6494dce26fcf263d815f5f31acdefac7cc9329efb8422a4f4d9fa9d
  languageName: node
  linkType: hard

"lodash.escape@npm:^4.0.1":
  version: 4.0.1
  resolution: "lodash.escape@npm:4.0.1"
  checksum: fcb54f457497256964d619d5cccbd80a961916fca60df3fe0fa3e7f052715c2944c0ed5aefb4f9e047d127d44aa2d55555f3350cb42c6549e9e293fb30b41e7f
  languageName: node
  linkType: hard

"lodash.flattendeep@npm:^4.4.0":
  version: 4.4.0
  resolution: "lodash.flattendeep@npm:4.4.0"
  checksum: 8521c919acac3d4bcf0aaf040c1ca9cb35d6c617e2d72e9b4d51c9a58b4366622cd6077441a18be626c3f7b28227502b3bf042903d447b056ee7e0b11d45c722
  languageName: node
  linkType: hard

"lodash.isequal@npm:^4.5.0":
  version: 4.5.0
  resolution: "lodash.isequal@npm:4.5.0"
  checksum: da27515dc5230eb1140ba65ff8de3613649620e8656b19a6270afe4866b7bd461d9ba2ac8a48dcc57f7adac4ee80e1de9f965d89d4d81a0ad52bb3eec2609644
  languageName: node
  linkType: hard

"lodash@npm:^4.17.21":
  version: 4.17.21
  resolution: "lodash@npm:4.17.21"
  checksum: eb835a2e51d381e561e508ce932ea50a8e5a68f4ebdd771ea240d3048244a8d13658acbd502cd4829768c56f2e16bdd4340b9ea141297d472517b83868e677f7
  languageName: node
  linkType: hard

"moo@npm:^0.5.0":
  version: 0.5.2
  resolution: "moo@npm:0.5.2"
  checksum: 5a41ddf1059fd0feb674d917c4774e41c877f1ca980253be4d3aae1a37f4bc513f88815041243f36f5cf67a62fb39324f3f997cf7fb17b6cb00767c165e7c499
  languageName: node
  linkType: hard

"ms@npm:2.1.2":
  version: 2.1.2
  resolution: "ms@npm:2.1.2"
  checksum: 673cdb2c3133eb050c745908d8ce632ed2c02d85640e2edb3ace856a2266a813b30c613569bf3354fdf4ea7d1a1494add3bfa95e2713baa27d0c2c71fc44f58f
  languageName: node
  linkType: hard

"nearley@npm:^2.7.10":
  version: 2.20.1
  resolution: "nearley@npm:2.20.1"
  dependencies:
    commander: ^2.19.0
    moo: ^0.5.0
    railroad-diagrams: ^1.0.0
    randexp: 0.4.6
  bin:
    nearley-railroad: bin/nearley-railroad.js
    nearley-test: bin/nearley-test.js
    nearley-unparse: bin/nearley-unparse.js
    nearleyc: bin/nearleyc.js
  checksum: 42c2c330c13c7991b48221c5df00f4352c2f8851636ae4d1f8ca3c8e193fc1b7668c78011d1cad88cca4c1c4dc087425420629c19cc286d7598ec15533aaef26
  languageName: node
  linkType: hard

"nth-check@npm:^2.0.1":
  version: 2.1.1
  resolution: "nth-check@npm:2.1.1"
  dependencies:
    boolbase: ^1.0.0
  checksum: 5afc3dafcd1573b08877ca8e6148c52abd565f1d06b1eb08caf982e3fa289a82f2cae697ffb55b5021e146d60443f1590a5d6b944844e944714a5b549675bcd3
  languageName: node
  linkType: hard

"object-inspect@npm:^1.12.3, object-inspect@npm:^1.7.0, object-inspect@npm:^1.9.0":
  version: 1.12.3
  resolution: "object-inspect@npm:1.12.3"
  checksum: dabfd824d97a5f407e6d5d24810d888859f6be394d8b733a77442b277e0808860555176719c5905e765e3743a7cada6b8b0a3b85e5331c530fd418cc8ae991db
  languageName: node
  linkType: hard

"object-is@npm:^1.0.2, object-is@npm:^1.1.5":
  version: 1.1.5
  resolution: "object-is@npm:1.1.5"
  dependencies:
    call-bind: ^1.0.2
    define-properties: ^1.1.3
  checksum: 989b18c4cba258a6b74dc1d74a41805c1a1425bce29f6cabb50dcb1a6a651ea9104a1b07046739a49a5bb1bc49727bcb00efd5c55f932f6ea04ec8927a7901fe
  languageName: node
  linkType: hard

"object-keys@npm:^1.1.1":
  version: 1.1.1
  resolution: "object-keys@npm:1.1.1"
  checksum: b363c5e7644b1e1b04aa507e88dcb8e3a2f52b6ffd0ea801e4c7a62d5aa559affe21c55a07fd4b1fd55fc03a33c610d73426664b20032405d7b92a1414c34d6a
  languageName: node
  linkType: hard

"object.assign@npm:^4.1.0, object.assign@npm:^4.1.4":
  version: 4.1.4
  resolution: "object.assign@npm:4.1.4"
  dependencies:
    call-bind: ^1.0.2
    define-properties: ^1.1.4
    has-symbols: ^1.0.3
    object-keys: ^1.1.1
  checksum: 76cab513a5999acbfe0ff355f15a6a125e71805fcf53de4e9d4e082e1989bdb81d1e329291e1e4e0ae7719f0e4ef80e88fb2d367ae60500d79d25a6224ac8864
  languageName: node
  linkType: hard

"object.entries@npm:^1.1.1":
  version: 1.1.7
  resolution: "object.entries@npm:1.1.7"
  dependencies:
    call-bind: ^1.0.2
    define-properties: ^1.2.0
    es-abstract: ^1.22.1
  checksum: da287d434e7e32989586cd734382364ba826a2527f2bc82e6acbf9f9bfafa35d51018b66ec02543ffdfa2a5ba4af2b6f1ca6e588c65030cb4fd9c67d6ced594c
  languageName: node
  linkType: hard

"object.values@npm:^1.1.1":
  version: 1.1.7
  resolution: "object.values@npm:1.1.7"
  dependencies:
    call-bind: ^1.0.2
    define-properties: ^1.2.0
    es-abstract: ^1.22.1
  checksum: f3e4ae4f21eb1cc7cebb6ce036d4c67b36e1c750428d7b7623c56a0db90edced63d08af8a316d81dfb7c41a3a5fa81b05b7cc9426e98d7da986b1682460f0777
  languageName: node
  linkType: hard

"parse5-htmlparser2-tree-adapter@npm:^7.0.0":
  version: 7.0.0
  resolution: "parse5-htmlparser2-tree-adapter@npm:7.0.0"
  dependencies:
    domhandler: ^5.0.2
    parse5: ^7.0.0
  checksum: fc5d01e07733142a1baf81de5c2a9c41426c04b7ab29dd218acb80cd34a63177c90aff4a4aee66cf9f1d0aeecff1389adb7452ad6f8af0a5888e3e9ad6ef733d
  languageName: node
  linkType: hard

"parse5@npm:^7.0.0":
  version: 7.1.2
  resolution: "parse5@npm:7.1.2"
  dependencies:
    entities: ^4.4.0
  checksum: 59465dd05eb4c5ec87b76173d1c596e152a10e290b7abcda1aecf0f33be49646ea74840c69af975d7887543ea45564801736356c568d6b5e71792fd0f4055713
  languageName: node
  linkType: hard

"performance-now@npm:^2.1.0":
  version: 2.1.0
  resolution: "performance-now@npm:2.1.0"
  checksum: 534e641aa8f7cba160f0afec0599b6cecefbb516a2e837b512be0adbe6c1da5550e89c78059c7fabc5c9ffdf6627edabe23eb7c518c4500067a898fa65c2b550
  languageName: node
  linkType: hard

"preact@npm:^10.18.1":
  version: 10.25.0
  resolution: "preact@npm:10.25.0"
  checksum: f7ec537a2e21dfc5b9e0704af7c5b85388a2b675dbf49710261d85708bdc980e5d0b8f8601ba5c4d7cbd1295d3c6aaee9f5c70ad005d872ae89b22e7c46a17ed
  languageName: node
  linkType: hard

"prettier@npm:^3.0.3":
  version: 3.4.1
  resolution: "prettier@npm:3.4.1"
  bin:
    prettier: bin/prettier.cjs
  checksum: f83ae83e38ae38f42c0b174833f58f820ed6eb063abfc5aa6725e8f9c1d626b54b1cb9d595cace525f8d59de89e186285f6bbcb460dc644ea9d8a7823cc54aca
  languageName: node
  linkType: hard

"raf@npm:^3.4.1":
  version: 3.4.1
  resolution: "raf@npm:3.4.1"
  dependencies:
    performance-now: ^2.1.0
  checksum: 50ba284e481c8185dbcf45fc4618ba3aec580bb50c9121385d5698cb6012fe516d2015b1df6dd407a7b7c58d44be8086108236affbce1861edd6b44637c8cd52
  languageName: node
  linkType: hard

"railroad-diagrams@npm:^1.0.0":
  version: 1.0.0
  resolution: "railroad-diagrams@npm:1.0.0"
  checksum: 9e312af352b5ed89c2118edc0c06cef2cc039681817f65266719606e4e91ff6ae5374c707cc9033fe29a82c2703edf3c63471664f97f0167c85daf6f93496319
  languageName: node
  linkType: hard

"randexp@npm:0.4.6":
  version: 0.4.6
  resolution: "randexp@npm:0.4.6"
  dependencies:
    discontinuous-range: 1.0.0
    ret: ~0.1.10
  checksum: 3c0d440a3f89d6d36844aa4dd57b5cdb0cab938a41956a16da743d3a3578ab32538fc41c16cc0984b6938f2ae4cbc0216967e9829e52191f70e32690d8e3445d
  languageName: node
  linkType: hard

"regexp.prototype.flags@npm:^1.5.1":
  version: 1.5.1
  resolution: "regexp.prototype.flags@npm:1.5.1"
  dependencies:
    call-bind: ^1.0.2
    define-properties: ^1.2.0
    set-function-name: ^2.0.0
  checksum: 869edff00288442f8d7fa4c9327f91d85f3b3acf8cbbef9ea7a220345cf23e9241b6def9263d2c1ebcf3a316b0aa52ad26a43a84aa02baca3381717b3e307f47
  languageName: node
  linkType: hard

"ret@npm:~0.1.10":
  version: 0.1.15
  resolution: "ret@npm:0.1.15"
  checksum: d76a9159eb8c946586567bd934358dfc08a36367b3257f7a3d7255fdd7b56597235af23c6afa0d7f0254159e8051f93c918809962ebd6df24ca2a83dbe4d4151
  languageName: node
  linkType: hard

"rst-selector-parser@npm:^2.2.3":
  version: 2.2.3
  resolution: "rst-selector-parser@npm:2.2.3"
  dependencies:
    lodash.flattendeep: ^4.4.0
    nearley: ^2.7.10
  checksum: fbfb2f6a7d4c9b3e013ef555ac06e5dba444e0d37dc959b94c507b6c34093ef10fe98141338d9cac58e5ae0f9453a5ef7f85af3d5e6386b237c1b3552debe4a0
  languageName: node
  linkType: hard

"safe-array-concat@npm:^1.0.1":
  version: 1.0.1
  resolution: "safe-array-concat@npm:1.0.1"
  dependencies:
    call-bind: ^1.0.2
    get-intrinsic: ^1.2.1
    has-symbols: ^1.0.3
    isarray: ^2.0.5
  checksum: 001ecf1d8af398251cbfabaf30ed66e3855127fbceee178179524b24160b49d15442f94ed6c0db0b2e796da76bb05b73bf3cc241490ec9c2b741b41d33058581
  languageName: node
  linkType: hard

"safe-regex-test@npm:^1.0.0":
  version: 1.0.0
  resolution: "safe-regex-test@npm:1.0.0"
  dependencies:
    call-bind: ^1.0.2
    get-intrinsic: ^1.1.3
    is-regex: ^1.1.4
  checksum: bc566d8beb8b43c01b94e67de3f070fd2781685e835959bbbaaec91cc53381145ca91f69bd837ce6ec244817afa0a5e974fc4e40a2957f0aca68ac3add1ddd34
  languageName: node
  linkType: hard

"set-function-name@npm:^2.0.0":
  version: 2.0.1
  resolution: "set-function-name@npm:2.0.1"
  dependencies:
    define-data-property: ^1.0.1
    functions-have-names: ^1.2.3
    has-property-descriptors: ^1.0.0
  checksum: 4975d17d90c40168eee2c7c9c59d023429f0a1690a89d75656306481ece0c3c1fb1ebcc0150ea546d1913e35fbd037bace91372c69e543e51fc5d1f31a9fa126
  languageName: node
  linkType: hard

"side-channel@npm:^1.0.4":
  version: 1.0.4
  resolution: "side-channel@npm:1.0.4"
  dependencies:
    call-bind: ^1.0.0
    get-intrinsic: ^1.0.2
    object-inspect: ^1.9.0
  checksum: 351e41b947079c10bd0858364f32bb3a7379514c399edb64ab3dce683933483fc63fb5e4efe0a15a2e8a7e3c436b6a91736ddb8d8c6591b0460a24bb4a1ee245
  languageName: node
  linkType: hard

"source-map@npm:^0.5.0":
  version: 0.5.7
  resolution: "source-map@npm:0.5.7"
  checksum: 5dc2043b93d2f194142c7f38f74a24670cd7a0063acdaf4bf01d2964b402257ae843c2a8fa822ad5b71013b5fcafa55af7421383da919752f22ff488bc553f4d
  languageName: node
  linkType: hard

"string.prototype.trim@npm:^1.2.1, string.prototype.trim@npm:^1.2.8":
  version: 1.2.8
  resolution: "string.prototype.trim@npm:1.2.8"
  dependencies:
    call-bind: ^1.0.2
    define-properties: ^1.2.0
    es-abstract: ^1.22.1
  checksum: 49eb1a862a53aba73c3fb6c2a53f5463173cb1f4512374b623bcd6b43ad49dd559a06fb5789bdec771a40fc4d2a564411c0a75d35fb27e76bbe738c211ecff07
  languageName: node
  linkType: hard

"string.prototype.trimend@npm:^1.0.7":
  version: 1.0.7
  resolution: "string.prototype.trimend@npm:1.0.7"
  dependencies:
    call-bind: ^1.0.2
    define-properties: ^1.2.0
    es-abstract: ^1.22.1
  checksum: 2375516272fd1ba75992f4c4aa88a7b5f3c7a9ca308d963bcd5645adf689eba6f8a04ebab80c33e30ec0aefc6554181a3a8416015c38da0aa118e60ec896310c
  languageName: node
  linkType: hard

"string.prototype.trimstart@npm:^1.0.7":
  version: 1.0.7
  resolution: "string.prototype.trimstart@npm:1.0.7"
  dependencies:
    call-bind: ^1.0.2
    define-properties: ^1.2.0
    es-abstract: ^1.22.1
  checksum: 13d0c2cb0d5ff9e926fa0bec559158b062eed2b68cd5be777ffba782c96b2b492944e47057274e064549b94dd27cf81f48b27a31fee8af5b574cff253e7eb613
  languageName: node
  linkType: hard

"supports-color@npm:^5.3.0":
  version: 5.5.0
  resolution: "supports-color@npm:5.5.0"
  dependencies:
    has-flag: ^3.0.0
  checksum: 95f6f4ba5afdf92f495b5a912d4abee8dcba766ae719b975c56c084f5004845f6f5a5f7769f52d53f40e21952a6d87411bafe34af4a01e65f9926002e38e1dac
  languageName: node
  linkType: hard

"to-fast-properties@npm:^2.0.0":
  version: 2.0.0
  resolution: "to-fast-properties@npm:2.0.0"
  checksum: be2de62fe58ead94e3e592680052683b1ec986c72d589e7b21e5697f8744cdbf48c266fa72f6c15932894c10187b5f54573a3bcf7da0bfd964d5caf23d436168
  languageName: node
  linkType: hard

"typed-array-buffer@npm:^1.0.0":
  version: 1.0.0
  resolution: "typed-array-buffer@npm:1.0.0"
  dependencies:
    call-bind: ^1.0.2
    get-intrinsic: ^1.2.1
    is-typed-array: ^1.1.10
  checksum: 3e0281c79b2a40cd97fe715db803884301993f4e8c18e8d79d75fd18f796e8cd203310fec8c7fdb5e6c09bedf0af4f6ab8b75eb3d3a85da69328f28a80456bd3
  languageName: node
  linkType: hard

"typed-array-byte-length@npm:^1.0.0":
  version: 1.0.0
  resolution: "typed-array-byte-length@npm:1.0.0"
  dependencies:
    call-bind: ^1.0.2
    for-each: ^0.3.3
    has-proto: ^1.0.1
    is-typed-array: ^1.1.10
  checksum: b03db16458322b263d87a702ff25388293f1356326c8a678d7515767ef563ef80e1e67ce648b821ec13178dd628eb2afdc19f97001ceae7a31acf674c849af94
  languageName: node
  linkType: hard

"typed-array-byte-offset@npm:^1.0.0":
  version: 1.0.0
  resolution: "typed-array-byte-offset@npm:1.0.0"
  dependencies:
    available-typed-arrays: ^1.0.5
    call-bind: ^1.0.2
    for-each: ^0.3.3
    has-proto: ^1.0.1
    is-typed-array: ^1.1.10
  checksum: 04f6f02d0e9a948a95fbfe0d5a70b002191fae0b8fe0fe3130a9b2336f043daf7a3dda56a31333c35a067a97e13f539949ab261ca0f3692c41603a46a94e960b
  languageName: node
  linkType: hard

"typed-array-length@npm:^1.0.4":
  version: 1.0.4
  resolution: "typed-array-length@npm:1.0.4"
  dependencies:
    call-bind: ^1.0.2
    for-each: ^0.3.3
    is-typed-array: ^1.1.9
  checksum: 2228febc93c7feff142b8c96a58d4a0d7623ecde6c7a24b2b98eb3170e99f7c7eff8c114f9b283085cd59dcd2bd43aadf20e25bba4b034a53c5bb292f71f8956
  languageName: node
  linkType: hard

"typescript@npm:^5.2.2":
  version: 5.6.3
  resolution: "typescript@npm:5.6.3"
  bin:
    tsc: bin/tsc
    tsserver: bin/tsserver
  checksum: ba302f8822777ebefb28b554105f3e074466b671e7444ec6b75dadc008a62f46f373d9e57ceced1c433756d06c8b7dc569a7eefdf3a9573122a49205ff99021a
  languageName: node
  linkType: hard

"typescript@patch:typescript@^5.2.2#~builtin<compat/typescript>":
  version: 5.6.3
  resolution: "typescript@patch:typescript@npm%3A5.6.3#~builtin<compat/typescript>::version=5.6.3&hash=29ae49"
  bin:
    tsc: bin/tsc
    tsserver: bin/tsserver
  checksum: ade87bce2363ee963eed0e4ca8a312ea02c81873ebd53609bc3f6dc0a57f6e61ad7e3fb8cbb7f7ab8b5081cbee801b023f7c4823ee70b1c447eae050e6c7622b
  languageName: node
  linkType: hard

"unbox-primitive@npm:^1.0.2":
  version: 1.0.2
  resolution: "unbox-primitive@npm:1.0.2"
  dependencies:
    call-bind: ^1.0.2
    has-bigints: ^1.0.2
    has-symbols: ^1.0.3
    which-boxed-primitive: ^1.0.2
  checksum: b7a1cf5862b5e4b5deb091672ffa579aa274f648410009c81cca63fed3b62b610c4f3b773f912ce545bb4e31edc3138975b5bc777fc6e4817dca51affb6380e9
  languageName: node
  linkType: hard

"which-boxed-primitive@npm:^1.0.2":
  version: 1.0.2
  resolution: "which-boxed-primitive@npm:1.0.2"
  dependencies:
    is-bigint: ^1.0.1
    is-boolean-object: ^1.1.0
    is-number-object: ^1.0.4
    is-string: ^1.0.5
    is-symbol: ^1.0.3
  checksum: 53ce774c7379071729533922adcca47220228405e1895f26673bbd71bdf7fb09bee38c1d6399395927c6289476b5ae0629863427fd151491b71c4b6cb04f3a5e
  languageName: node
  linkType: hard

"which-typed-array@npm:^1.1.11":
  version: 1.1.11
  resolution: "which-typed-array@npm:1.1.11"
  dependencies:
    available-typed-arrays: ^1.0.5
    call-bind: ^1.0.2
    for-each: ^0.3.3
    gopd: ^1.0.1
    has-tostringtag: ^1.0.0
  checksum: 711ffc8ef891ca6597b19539075ec3e08bb9b4c2ca1f78887e3c07a977ab91ac1421940505a197758fb5939aa9524976d0a5bbcac34d07ed6faa75cedbb17206
  languageName: node
  linkType: hard
