# This file is generated by running "yarn install" inside your project.
# Manual changes might be lost - proceed with caution!

__metadata:
  version: 6
  cacheKey: 8

"@babel/code-frame@npm:^7.25.9, @babel/code-frame@npm:^7.26.2":
  version: 7.26.2
  resolution: "@babel/code-frame@npm:7.26.2"
  dependencies:
    "@babel/helper-validator-identifier": ^7.25.9
    js-tokens: ^4.0.0
    picocolors: ^1.0.0
  checksum: db13f5c42d54b76c1480916485e6900748bbcb0014a8aca87f50a091f70ff4e0d0a6db63cade75eb41fcc3d2b6ba0a7f89e343def4f96f00269b41b8ab8dd7b8
  languageName: node
  linkType: hard

"@babel/generator@npm:^7.26.5":
  version: 7.26.5
  resolution: "@babel/generator@npm:7.26.5"
  dependencies:
    "@babel/parser": ^7.26.5
    "@babel/types": ^7.26.5
    "@jridgewell/gen-mapping": ^0.3.5
    "@jridgewell/trace-mapping": ^0.3.25
    jsesc: ^3.0.2
  checksum: baa42a98cd01efa3ae3634a6caa81d0738e5e0bdba4efbf1ac735216c8d7cf6bdffeab69c468e6ab2063b07db402346113def4962719746756518432f83c53ba
  languageName: node
  linkType: hard

"@babel/helper-string-parser@npm:^7.25.9":
  version: 7.25.9
  resolution: "@babel/helper-string-parser@npm:7.25.9"
  checksum: 6435ee0849e101681c1849868278b5aee82686ba2c1e27280e5e8aca6233af6810d39f8e4e693d2f2a44a3728a6ccfd66f72d71826a94105b86b731697cdfa99
  languageName: node
  linkType: hard

"@babel/helper-validator-identifier@npm:^7.25.9":
  version: 7.25.9
  resolution: "@babel/helper-validator-identifier@npm:7.25.9"
  checksum: 5b85918cb1a92a7f3f508ea02699e8d2422fe17ea8e82acd445006c0ef7520fbf48e3dbcdaf7b0a1d571fc3a2715a29719e5226636cb6042e15fe6ed2a590944
  languageName: node
  linkType: hard

"@babel/parser@npm:^7.25.9":
  version: 7.26.3
  resolution: "@babel/parser@npm:7.26.3"
  dependencies:
    "@babel/types": ^7.26.3
  bin:
    parser: ./bin/babel-parser.js
  checksum: e2bff2e9fa6540ee18fecc058bc74837eda2ddcecbe13454667314a93fc0ba26c1fb862c812d84f6d5f225c3bd8d191c3a42d4296e287a882c4e1f82ff2815ff
  languageName: node
  linkType: hard

"@babel/parser@npm:^7.26.5, @babel/parser@npm:^7.26.7":
  version: 7.26.7
  resolution: "@babel/parser@npm:7.26.7"
  dependencies:
    "@babel/types": ^7.26.7
  bin:
    parser: ./bin/babel-parser.js
  checksum: 22aafd7a6fb9ae577cf192141e5b879477fc087872b8953df0eed60ab7e2397d01aa8d92690eb7ba406f408035dd27c86fbf9967c9a37abd9bf4b1d7cf46a823
  languageName: node
  linkType: hard

"@babel/template@npm:^7.25.9":
  version: 7.25.9
  resolution: "@babel/template@npm:7.25.9"
  dependencies:
    "@babel/code-frame": ^7.25.9
    "@babel/parser": ^7.25.9
    "@babel/types": ^7.25.9
  checksum: 103641fea19c7f4e82dc913aa6b6ac157112a96d7c724d513288f538b84bae04fb87b1f1e495ac1736367b1bc30e10f058b30208fb25f66038e1f1eb4e426472
  languageName: node
  linkType: hard

"@babel/traverse@npm:^7.26.7":
  version: 7.26.7
  resolution: "@babel/traverse@npm:7.26.7"
  dependencies:
    "@babel/code-frame": ^7.26.2
    "@babel/generator": ^7.26.5
    "@babel/parser": ^7.26.7
    "@babel/template": ^7.25.9
    "@babel/types": ^7.26.7
    debug: ^4.3.1
    globals: ^11.1.0
  checksum: 22ea8aed130e51db320ff7b3b1555f7dfb82fa860669e593e62990bff004cf09d3dca6fecb8afbac5e51973b703d0cdebf1dc0f6c0021901506f90443c40271b
  languageName: node
  linkType: hard

"@babel/types@npm:^7.25.9, @babel/types@npm:^7.26.3":
  version: 7.26.3
  resolution: "@babel/types@npm:7.26.3"
  dependencies:
    "@babel/helper-string-parser": ^7.25.9
    "@babel/helper-validator-identifier": ^7.25.9
  checksum: 195f428080dcaadbcecc9445df7f91063beeaa91b49ccd78f38a5af6b75a6a58391d0c6614edb1ea322e57889a1684a0aab8e667951f820196901dd341f931e9
  languageName: node
  linkType: hard

"@babel/types@npm:^7.26.5, @babel/types@npm:^7.26.7":
  version: 7.26.7
  resolution: "@babel/types@npm:7.26.7"
  dependencies:
    "@babel/helper-string-parser": ^7.25.9
    "@babel/helper-validator-identifier": ^7.25.9
  checksum: cfb12e8794ebda6c95c92f3b90f14a9ec87ab532a247d887233068f72f8c287c0fa2e8d3d6ed5a4e512729844f7f73a613cb87d86077ae60a63a2e870e697307
  languageName: node
  linkType: hard

"@hypothesis/frontend-testing@workspace:.":
  version: 0.0.0-use.local
  resolution: "@hypothesis/frontend-testing@workspace:."
  dependencies:
    "@trivago/prettier-plugin-sort-imports": ^5.2.0
    axe-core: ^4.8.2
    enzyme: ^3.11.0
    preact: ^10.18.1
    prettier: ^3.0.3
    typescript: ^5.2.2
  languageName: unknown
  linkType: soft

"@jridgewell/gen-mapping@npm:^0.3.5":
  version: 0.3.8
  resolution: "@jridgewell/gen-mapping@npm:0.3.8"
  dependencies:
    "@jridgewell/set-array": ^1.2.1
    "@jridgewell/sourcemap-codec": ^1.4.10
    "@jridgewell/trace-mapping": ^0.3.24
  checksum: c0687b5227461717aa537fe71a42e356bcd1c43293b3353796a148bf3b0d6f59109def46c22f05b60e29a46f19b2e4676d027959a7c53a6c92b9d5b0d87d0420
  languageName: node
  linkType: hard

"@jridgewell/resolve-uri@npm:^3.1.0":
  version: 3.1.1
  resolution: "@jridgewell/resolve-uri@npm:3.1.1"
  checksum: f5b441fe7900eab4f9155b3b93f9800a916257f4e8563afbcd3b5a5337b55e52bd8ae6735453b1b745457d9f6cdb16d74cd6220bbdd98cf153239e13f6cbb653
  languageName: node
  linkType: hard

"@jridgewell/set-array@npm:^1.2.1":
  version: 1.2.1
  resolution: "@jridgewell/set-array@npm:1.2.1"
  checksum: 832e513a85a588f8ed4f27d1279420d8547743cc37fcad5a5a76fc74bb895b013dfe614d0eed9cb860048e6546b798f8f2652020b4b2ba0561b05caa8c654b10
  languageName: node
  linkType: hard

"@jridgewell/sourcemap-codec@npm:^1.4.10, @jridgewell/sourcemap-codec@npm:^1.4.14":
  version: 1.4.15
  resolution: "@jridgewell/sourcemap-codec@npm:1.4.15"
  checksum: b881c7e503db3fc7f3c1f35a1dd2655a188cc51a3612d76efc8a6eb74728bef5606e6758ee77423e564092b4a518aba569bbb21c9bac5ab7a35b0c6ae7e344c8
  languageName: node
  linkType: hard

"@jridgewell/trace-mapping@npm:^0.3.24, @jridgewell/trace-mapping@npm:^0.3.25":
  version: 0.3.25
  resolution: "@jridgewell/trace-mapping@npm:0.3.25"
  dependencies:
    "@jridgewell/resolve-uri": ^3.1.0
    "@jridgewell/sourcemap-codec": ^1.4.14
  checksum: 9d3c40d225e139987b50c48988f8717a54a8c994d8a948ee42e1412e08988761d0754d7d10b803061cc3aebf35f92a5dbbab493bd0e1a9ef9e89a2130e83ba34
  languageName: node
  linkType: hard

"@trivago/prettier-plugin-sort-imports@npm:^5.2.0":
  version: 5.2.2
  resolution: "@trivago/prettier-plugin-sort-imports@npm:5.2.2"
  dependencies:
    "@babel/generator": ^7.26.5
    "@babel/parser": ^7.26.7
    "@babel/traverse": ^7.26.7
    "@babel/types": ^7.26.7
    javascript-natural-sort: ^0.7.1
    lodash: ^4.17.21
  peerDependencies:
    "@vue/compiler-sfc": 3.x
    prettier: 2.x - 3.x
    prettier-plugin-svelte: 3.x
    svelte: 4.x || 5.x
  peerDependenciesMeta:
    "@vue/compiler-sfc":
      optional: true
    prettier-plugin-svelte:
      optional: true
    svelte:
      optional: true
  checksum: c409bdcbaf8f6efed1e2f5d75523b63ad4b1e7c8a0780774a0ef04288e1f7579879a8ce26f9f626452399e09a92e093e0713709ddfd2234476d9004bf27920b8
  languageName: node
  linkType: hard

"array-buffer-byte-length@npm:^1.0.0":
  version: 1.0.0
  resolution: "array-buffer-byte-length@npm:1.0.0"
  dependencies:
    call-bind: ^1.0.2
    is-array-buffer: ^3.0.1
  checksum: 044e101ce150f4804ad19c51d6c4d4cfa505c5b2577bd179256e4aa3f3f6a0a5e9874c78cd428ee566ac574c8a04d7ce21af9fe52e844abfdccb82b33035a7c3
  languageName: node
  linkType: hard

"array.prototype.filter@npm:^1.0.0":
  version: 1.0.3
  resolution: "array.prototype.filter@npm:1.0.3"
  dependencies:
    call-bind: ^1.0.2
    define-properties: ^1.2.0
    es-abstract: ^1.22.1
    es-array-method-boxes-properly: ^1.0.0
    is-string: ^1.0.7
  checksum: 5443cde6ad64596649e5751252b1b2f5242b41052980c2fb2506ba485e3ffd7607e8f6f2f1aefa0cb1cfb9b8623b2b2be103579cb367a161a3426400619b6e73
  languageName: node
  linkType: hard

"array.prototype.flat@npm:^1.2.3":
  version: 1.3.2
  resolution: "array.prototype.flat@npm:1.3.2"
  dependencies:
    call-bind: ^1.0.2
    define-properties: ^1.2.0
    es-abstract: ^1.22.1
    es-shim-unscopables: ^1.0.0
  checksum: 5d6b4bf102065fb3f43764bfff6feb3295d372ce89591e6005df3d0ce388527a9f03c909af6f2a973969a4d178ab232ffc9236654149173e0e187ec3a1a6b87b
  languageName: node
  linkType: hard

"arraybuffer.prototype.slice@npm:^1.0.2":
  version: 1.0.2
  resolution: "arraybuffer.prototype.slice@npm:1.0.2"
  dependencies:
    array-buffer-byte-length: ^1.0.0
    call-bind: ^1.0.2
    define-properties: ^1.2.0
    es-abstract: ^1.22.1
    get-intrinsic: ^1.2.1
    is-array-buffer: ^3.0.2
    is-shared-array-buffer: ^1.0.2
  checksum: c200faf437786f5b2c80d4564ff5481c886a16dee642ef02abdc7306c7edd523d1f01d1dd12b769c7eb42ac9bc53874510db19a92a2c035c0f6696172aafa5d3
  languageName: node
  linkType: hard

"available-typed-arrays@npm:^1.0.5":
  version: 1.0.5
  resolution: "available-typed-arrays@npm:1.0.5"
  checksum: 20eb47b3cefd7db027b9bbb993c658abd36d4edd3fe1060e83699a03ee275b0c9b216cc076ff3f2db29073225fb70e7613987af14269ac1fe2a19803ccc97f1a
  languageName: node
  linkType: hard

"axe-core@npm:^4.8.2":
  version: 4.10.2
  resolution: "axe-core@npm:4.10.2"
  checksum: 2b9b1c93ea73ea9f206604e4e17bd771d2d835f077bde54517d73028b8865c69b209460e73d5b109968cbdb39ab3d28943efa5695189bd79e16421ce1706719e
  languageName: node
  linkType: hard

"boolbase@npm:^1.0.0":
  version: 1.0.0
  resolution: "boolbase@npm:1.0.0"
  checksum: 3e25c80ef626c3a3487c73dbfc70ac322ec830666c9ad915d11b701142fab25ec1e63eff2c450c74347acfd2de854ccde865cd79ef4db1683f7c7b046ea43bb0
  languageName: node
  linkType: hard

"call-bind@npm:^1.0.0, call-bind@npm:^1.0.2":
  version: 1.0.2
  resolution: "call-bind@npm:1.0.2"
  dependencies:
    function-bind: ^1.1.1
    get-intrinsic: ^1.0.2
  checksum: f8e31de9d19988a4b80f3e704788c4a2d6b6f3d17cfec4f57dc29ced450c53a49270dc66bf0fbd693329ee948dd33e6c90a329519aef17474a4d961e8d6426b0
  languageName: node
  linkType: hard

"cheerio-select@npm:^2.1.0":
  version: 2.1.0
  resolution: "cheerio-select@npm:2.1.0"
  dependencies:
    boolbase: ^1.0.0
    css-select: ^5.1.0
    css-what: ^6.1.0
    domelementtype: ^2.3.0
    domhandler: ^5.0.3
    domutils: ^3.0.1
  checksum: 843d6d479922f28a6c5342c935aff1347491156814de63c585a6eb73baf7bb4185c1b4383a1195dca0f12e3946d737c7763bcef0b9544c515d905c5c44c5308b
  languageName: node
  linkType: hard

"cheerio@npm:^1.0.0-rc.3":
  version: 1.0.0-rc.12
  resolution: "cheerio@npm:1.0.0-rc.12"
  dependencies:
    cheerio-select: ^2.1.0
    dom-serializer: ^2.0.0
    domhandler: ^5.0.3
    domutils: ^3.0.1
    htmlparser2: ^8.0.1
    parse5: ^7.0.0
    parse5-htmlparser2-tree-adapter: ^7.0.0
  checksum: 5d4c1b7a53cf22d3a2eddc0aff70cf23cbb30d01a4c79013e703a012475c02461aa1fcd99127e8d83a02216386ed6942b2c8103845fd0812300dd199e6e7e054
  languageName: node
  linkType: hard

"commander@npm:^2.19.0":
  version: 2.20.3
  resolution: "commander@npm:2.20.3"
  checksum: ab8c07884e42c3a8dbc5dd9592c606176c7eb5c1ca5ff274bcf907039b2c41de3626f684ea75ccf4d361ba004bbaff1f577d5384c155f3871e456bdf27becf9e
  languageName: node
  linkType: hard

"css-select@npm:^5.1.0":
  version: 5.1.0
  resolution: "css-select@npm:5.1.0"
  dependencies:
    boolbase: ^1.0.0
    css-what: ^6.1.0
    domhandler: ^5.0.2
    domutils: ^3.0.1
    nth-check: ^2.0.1
  checksum: 2772c049b188d3b8a8159907192e926e11824aea525b8282981f72ba3f349cf9ecd523fdf7734875ee2cb772246c22117fc062da105b6d59afe8dcd5c99c9bda
  languageName: node
  linkType: hard

"css-what@npm:^6.1.0":
  version: 6.1.0
  resolution: "css-what@npm:6.1.0"
  checksum: b975e547e1e90b79625918f84e67db5d33d896e6de846c9b584094e529f0c63e2ab85ee33b9daffd05bff3a146a1916bec664e18bb76dd5f66cbff9fc13b2bbe
  languageName: node
  linkType: hard

"debug@npm:^4.3.1":
  version: 4.4.0
  resolution: "debug@npm:4.4.0"
  dependencies:
    ms: ^2.1.3
  peerDependenciesMeta:
    supports-color:
      optional: true
  checksum: fb42df878dd0e22816fc56e1fdca9da73caa85212fbe40c868b1295a6878f9101ae684f4eeef516c13acfc700f5ea07f1136954f43d4cd2d477a811144136479
  languageName: node
  linkType: hard

"define-data-property@npm:^1.0.1":
  version: 1.1.0
  resolution: "define-data-property@npm:1.1.0"
  dependencies:
    get-intrinsic: ^1.2.1
    gopd: ^1.0.1
    has-property-descriptors: ^1.0.0
  checksum: 7ad4ee84cca8ad427a4831f5693526804b62ce9dfd4efac77214e95a4382aed930072251d4075dc8dc9fc949a353ed51f19f5285a84a788ba9216cc51472a093
  languageName: node
  linkType: hard

"define-properties@npm:^1.1.3, define-properties@npm:^1.1.4, define-properties@npm:^1.2.0":
  version: 1.2.1
  resolution: "define-properties@npm:1.2.1"
  dependencies:
    define-data-property: ^1.0.1
    has-property-descriptors: ^1.0.0
    object-keys: ^1.1.1
  checksum: b4ccd00597dd46cb2d4a379398f5b19fca84a16f3374e2249201992f36b30f6835949a9429669ee6b41b6e837205a163eadd745e472069e70dfc10f03e5fcc12
  languageName: node
  linkType: hard

"discontinuous-range@npm:1.0.0":
  version: 1.0.0
  resolution: "discontinuous-range@npm:1.0.0"
  checksum: 8ee88d7082445b6eadc7c03bebe6dc978f96760c45e9f65d16ca66174d9e086a9e3855ee16acf65625e1a07a846a17de674f02a5964a6aebe5963662baf8b5c8
  languageName: node
  linkType: hard

"dom-serializer@npm:^2.0.0":
  version: 2.0.0
  resolution: "dom-serializer@npm:2.0.0"
  dependencies:
    domelementtype: ^2.3.0
    domhandler: ^5.0.2
    entities: ^4.2.0
  checksum: cd1810544fd8cdfbd51fa2c0c1128ec3a13ba92f14e61b7650b5de421b88205fd2e3f0cc6ace82f13334114addb90ed1c2f23074a51770a8e9c1273acbc7f3e6
  languageName: node
  linkType: hard

"domelementtype@npm:^2.3.0":
  version: 2.3.0
  resolution: "domelementtype@npm:2.3.0"
  checksum: ee837a318ff702622f383409d1f5b25dd1024b692ef64d3096ff702e26339f8e345820f29a68bcdcea8cfee3531776b3382651232fbeae95612d6f0a75efb4f6
  languageName: node
  linkType: hard

"domhandler@npm:^5.0.2, domhandler@npm:^5.0.3":
  version: 5.0.3
  resolution: "domhandler@npm:5.0.3"
  dependencies:
    domelementtype: ^2.3.0
  checksum: 0f58f4a6af63e6f3a4320aa446d28b5790a009018707bce2859dcb1d21144c7876482b5188395a188dfa974238c019e0a1e610d2fc269a12b2c192ea2b0b131c
  languageName: node
  linkType: hard

"domutils@npm:^3.0.1":
  version: 3.1.0
  resolution: "domutils@npm:3.1.0"
  dependencies:
    dom-serializer: ^2.0.0
    domelementtype: ^2.3.0
    domhandler: ^5.0.3
  checksum: e5757456ddd173caa411cfc02c2bb64133c65546d2c4081381a3bafc8a57411a41eed70494551aa58030be9e58574fcc489828bebd673863d39924fb4878f416
  languageName: node
  linkType: hard

"entities@npm:^4.2.0, entities@npm:^4.4.0":
  version: 4.5.0
  resolution: "entities@npm:4.5.0"
  checksum: 853f8ebd5b425d350bffa97dd6958143179a5938352ccae092c62d1267c4e392a039be1bae7d51b6e4ffad25f51f9617531fedf5237f15df302ccfb452cbf2d7
  languageName: node
  linkType: hard

"enzyme-shallow-equal@npm:^1.0.1":
  version: 1.0.5
  resolution: "enzyme-shallow-equal@npm:1.0.5"
  dependencies:
    has: ^1.0.3
    object-is: ^1.1.5
  checksum: e18a728225b3ef501a223608955e2c8e915adf24dfe4d778bdbc89e4ecd80384723e9d44780176be1529f6b642e7837211f502bff89f62833d8f9cae027997e0
  languageName: node
  linkType: hard

"enzyme@npm:^3.11.0":
  version: 3.11.0
  resolution: "enzyme@npm:3.11.0"
  dependencies:
    array.prototype.flat: ^1.2.3
    cheerio: ^1.0.0-rc.3
    enzyme-shallow-equal: ^1.0.1
    function.prototype.name: ^1.1.2
    has: ^1.0.3
    html-element-map: ^1.2.0
    is-boolean-object: ^1.0.1
    is-callable: ^1.1.5
    is-number-object: ^1.0.4
    is-regex: ^1.0.5
    is-string: ^1.0.5
    is-subset: ^0.1.1
    lodash.escape: ^4.0.1
    lodash.isequal: ^4.5.0
    object-inspect: ^1.7.0
    object-is: ^1.0.2
    object.assign: ^4.1.0
    object.entries: ^1.1.1
    object.values: ^1.1.1
    raf: ^3.4.1
    rst-selector-parser: ^2.2.3
    string.prototype.trim: ^1.2.1
  checksum: 69ae80049c3f405122b8e619f1cf8b04f32b3cc2b6134c29ed8c0f05e87a0b15080f1121096ec211954a710f4787300af9157078c863012de87eee16e98e64ea
  languageName: node
  linkType: hard

"es-abstract@npm:^1.22.1":
  version: 1.22.2
  resolution: "es-abstract@npm:1.22.2"
  dependencies:
    array-buffer-byte-length: ^1.0.0
    arraybuffer.prototype.slice: ^1.0.2
    available-typed-arrays: ^1.0.5
    call-bind: ^1.0.2
    es-set-tostringtag: ^2.0.1
    es-to-primitive: ^1.2.1
    function.prototype.name: ^1.1.6
    get-intrinsic: ^1.2.1
    get-symbol-description: ^1.0.0
    globalthis: ^1.0.3
    gopd: ^1.0.1
    has: ^1.0.3
    has-property-descriptors: ^1.0.0
    has-proto: ^1.0.1
    has-symbols: ^1.0.3
    internal-slot: ^1.0.5
    is-array-buffer: ^3.0.2
    is-callable: ^1.2.7
    is-negative-zero: ^2.0.2
    is-regex: ^1.1.4
    is-shared-array-buffer: ^1.0.2
    is-string: ^1.0.7
    is-typed-array: ^1.1.12
    is-weakref: ^1.0.2
    object-inspect: ^1.12.3
    object-keys: ^1.1.1
    object.assign: ^4.1.4
    regexp.prototype.flags: ^1.5.1
    safe-array-concat: ^1.0.1
    safe-regex-test: ^1.0.0
    string.prototype.trim: ^1.2.8
    string.prototype.trimend: ^1.0.7
    string.prototype.trimstart: ^1.0.7
    typed-array-buffer: ^1.0.0
    typed-array-byte-length: ^1.0.0
    typed-array-byte-offset: ^1.0.0
    typed-array-length: ^1.0.4
    unbox-primitive: ^1.0.2
    which-typed-array: ^1.1.11
  checksum: cc70e592d360d7d729859013dee7a610c6b27ed8630df0547c16b0d16d9fe6505a70ee14d1af08d970fdd132b3f88c9ca7815ce72c9011608abf8ab0e55fc515
  languageName: node
  linkType: hard

"es-array-method-boxes-properly@npm:^1.0.0":
  version: 1.0.0
  resolution: "es-array-method-boxes-properly@npm:1.0.0"
  checksum: 2537fcd1cecf187083890bc6f5236d3a26bf39237433587e5bf63392e88faae929dbba78ff0120681a3f6f81c23fe3816122982c160d63b38c95c830b633b826
  languageName: node
  linkType: hard

"es-set-tostringtag@npm:^2.0.1":
  version: 2.0.1
  resolution: "es-set-tostringtag@npm:2.0.1"
  dependencies:
    get-intrinsic: ^1.1.3
    has: ^1.0.3
    has-tostringtag: ^1.0.0
  checksum: ec416a12948cefb4b2a5932e62093a7cf36ddc3efd58d6c58ca7ae7064475ace556434b869b0bbeb0c365f1032a8ccd577211101234b69837ad83ad204fff884
  languageName: node
  linkType: hard

"es-shim-unscopables@npm:^1.0.0":
  version: 1.0.0
  resolution: "es-shim-unscopables@npm:1.0.0"
  dependencies:
    has: ^1.0.3
  checksum: 83e95cadbb6ee44d3644dfad60dcad7929edbc42c85e66c3e99aefd68a3a5c5665f2686885cddb47dfeabfd77bd5ea5a7060f2092a955a729bbd8834f0d86fa1
  languageName: node
  linkType: hard

"es-to-primitive@npm:^1.2.1":
  version: 1.2.1
  resolution: "es-to-primitive@npm:1.2.1"
  dependencies:
    is-callable: ^1.1.4
    is-date-object: ^1.0.1
    is-symbol: ^1.0.2
  checksum: 4ead6671a2c1402619bdd77f3503991232ca15e17e46222b0a41a5d81aebc8740a77822f5b3c965008e631153e9ef0580540007744521e72de8e33599fca2eed
  languageName: node
  linkType: hard

"for-each@npm:^0.3.3":
  version: 0.3.3
  resolution: "for-each@npm:0.3.3"
  dependencies:
    is-callable: ^1.1.3
  checksum: 6c48ff2bc63362319c65e2edca4a8e1e3483a2fabc72fbe7feaf8c73db94fc7861bd53bc02c8a66a0c1dd709da6b04eec42e0abdd6b40ce47305ae92a25e5d28
  languageName: node
  linkType: hard

"function-bind@npm:^1.1.1":
  version: 1.1.1
  resolution: "function-bind@npm:1.1.1"
  checksum: b32fbaebb3f8ec4969f033073b43f5c8befbb58f1a79e12f1d7490358150359ebd92f49e72ff0144f65f2c48ea2a605bff2d07965f548f6474fd8efd95bf361a
  languageName: node
  linkType: hard

"function.prototype.name@npm:^1.1.2, function.prototype.name@npm:^1.1.6":
  version: 1.1.6
  resolution: "function.prototype.name@npm:1.1.6"
  dependencies:
    call-bind: ^1.0.2
    define-properties: ^1.2.0
    es-abstract: ^1.22.1
    functions-have-names: ^1.2.3
  checksum: 7a3f9bd98adab09a07f6e1f03da03d3f7c26abbdeaeee15223f6c04a9fb5674792bdf5e689dac19b97ac71de6aad2027ba3048a9b883aa1b3173eed6ab07f479
  languageName: node
  linkType: hard

"functions-have-names@npm:^1.2.3":
  version: 1.2.3
  resolution: "functions-have-names@npm:1.2.3"
  checksum: c3f1f5ba20f4e962efb71344ce0a40722163e85bee2101ce25f88214e78182d2d2476aa85ef37950c579eb6cf6ee811c17b3101bb84004bb75655f3e33f3fdb5
  languageName: node
  linkType: hard

"get-intrinsic@npm:^1.0.2, get-intrinsic@npm:^1.1.1, get-intrinsic@npm:^1.1.3, get-intrinsic@npm:^1.2.0, get-intrinsic@npm:^1.2.1":
  version: 1.2.1
  resolution: "get-intrinsic@npm:1.2.1"
  dependencies:
    function-bind: ^1.1.1
    has: ^1.0.3
    has-proto: ^1.0.1
    has-symbols: ^1.0.3
  checksum: 5b61d88552c24b0cf6fa2d1b3bc5459d7306f699de060d76442cce49a4721f52b8c560a33ab392cf5575b7810277d54ded9d4d39a1ea61855619ebc005aa7e5f
  languageName: node
  linkType: hard

"get-symbol-description@npm:^1.0.0":
  version: 1.0.0
  resolution: "get-symbol-description@npm:1.0.0"
  dependencies:
    call-bind: ^1.0.2
    get-intrinsic: ^1.1.1
  checksum: 9ceff8fe968f9270a37a1f73bf3f1f7bda69ca80f4f80850670e0e7b9444ff99323f7ac52f96567f8b5f5fbe7ac717a0d81d3407c7313e82810c6199446a5247
  languageName: node
  linkType: hard

"globals@npm:^11.1.0":
  version: 11.12.0
  resolution: "globals@npm:11.12.0"
  checksum: 67051a45eca3db904aee189dfc7cd53c20c7d881679c93f6146ddd4c9f4ab2268e68a919df740d39c71f4445d2b38ee360fc234428baea1dbdfe68bbcb46979e
  languageName: node
  linkType: hard

"globalthis@npm:^1.0.3":
  version: 1.0.3
  resolution: "globalthis@npm:1.0.3"
  dependencies:
    define-properties: ^1.1.3
  checksum: fbd7d760dc464c886d0196166d92e5ffb4c84d0730846d6621a39fbbc068aeeb9c8d1421ad330e94b7bca4bb4ea092f5f21f3d36077812af5d098b4dc006c998
  languageName: node
  linkType: hard

"gopd@npm:^1.0.1":
  version: 1.0.1
  resolution: "gopd@npm:1.0.1"
  dependencies:
    get-intrinsic: ^1.1.3
  checksum: a5ccfb8806e0917a94e0b3de2af2ea4979c1da920bc381667c260e00e7cafdbe844e2cb9c5bcfef4e5412e8bf73bab837285bc35c7ba73aaaf0134d4583393a6
  languageName: node
  linkType: hard

"has-bigints@npm:^1.0.1, has-bigints@npm:^1.0.2":
  version: 1.0.2
  resolution: "has-bigints@npm:1.0.2"
  checksum: 390e31e7be7e5c6fe68b81babb73dfc35d413604d7ee5f56da101417027a4b4ce6a27e46eff97ad040c835b5d228676eae99a9b5c3bc0e23c8e81a49241ff45b
  languageName: node
  linkType: hard

"has-property-descriptors@npm:^1.0.0":
  version: 1.0.0
  resolution: "has-property-descriptors@npm:1.0.0"
  dependencies:
    get-intrinsic: ^1.1.1
  checksum: a6d3f0a266d0294d972e354782e872e2fe1b6495b321e6ef678c9b7a06a40408a6891817350c62e752adced73a94ac903c54734fee05bf65b1905ee1368194bb
  languageName: node
  linkType: hard

"has-proto@npm:^1.0.1":
  version: 1.0.1
  resolution: "has-proto@npm:1.0.1"
  checksum: febc5b5b531de8022806ad7407935e2135f1cc9e64636c3916c6842bd7995994ca3b29871ecd7954bd35f9e2986c17b3b227880484d22259e2f8e6ce63fd383e
  languageName: node
  linkType: hard

"has-symbols@npm:^1.0.2, has-symbols@npm:^1.0.3":
  version: 1.0.3
  resolution: "has-symbols@npm:1.0.3"
  checksum: a054c40c631c0d5741a8285010a0777ea0c068f99ed43e5d6eb12972da223f8af553a455132fdb0801bdcfa0e0f443c0c03a68d8555aa529b3144b446c3f2410
  languageName: node
  linkType: hard

"has-tostringtag@npm:^1.0.0":
  version: 1.0.0
  resolution: "has-tostringtag@npm:1.0.0"
  dependencies:
    has-symbols: ^1.0.2
  checksum: cc12eb28cb6ae22369ebaad3a8ab0799ed61270991be88f208d508076a1e99abe4198c965935ce85ea90b60c94ddda73693b0920b58e7ead048b4a391b502c1c
  languageName: node
  linkType: hard

"has@npm:^1.0.3":
  version: 1.0.4
  resolution: "has@npm:1.0.4"
  checksum: 8a11ba062e0627c9578a1d08285401e39f1d071a9692ddf793199070edb5648b21c774dd733e2a181edd635bf6862731885f476f4ccf67c998d7a5ff7cef2550
  languageName: node
  linkType: hard

"html-element-map@npm:^1.2.0":
  version: 1.3.1
  resolution: "html-element-map@npm:1.3.1"
  dependencies:
    array.prototype.filter: ^1.0.0
    call-bind: ^1.0.2
  checksum: 7408da008d37bfa76b597e298ae0ed530258065deb29fbd73d40f7cbd123b654d1022a7a8cfbe713e57d90c5bef844399f5c8a46cde7d55c91d305024c921d08
  languageName: node
  linkType: hard

"htmlparser2@npm:^8.0.1":
  version: 8.0.2
  resolution: "htmlparser2@npm:8.0.2"
  dependencies:
    domelementtype: ^2.3.0
    domhandler: ^5.0.3
    domutils: ^3.0.1
    entities: ^4.4.0
  checksum: 29167a0f9282f181da8a6d0311b76820c8a59bc9e3c87009e21968264c2987d2723d6fde5a964d4b7b6cba663fca96ffb373c06d8223a85f52a6089ced942700
  languageName: node
  linkType: hard

"internal-slot@npm:^1.0.5":
  version: 1.0.5
  resolution: "internal-slot@npm:1.0.5"
  dependencies:
    get-intrinsic: ^1.2.0
    has: ^1.0.3
    side-channel: ^1.0.4
  checksum: 97e84046bf9e7574d0956bd98d7162313ce7057883b6db6c5c7b5e5f05688864b0978ba07610c726d15d66544ffe4b1050107d93f8a39ebc59b15d8b429b497a
  languageName: node
  linkType: hard

"is-array-buffer@npm:^3.0.1, is-array-buffer@npm:^3.0.2":
  version: 3.0.2
  resolution: "is-array-buffer@npm:3.0.2"
  dependencies:
    call-bind: ^1.0.2
    get-intrinsic: ^1.2.0
    is-typed-array: ^1.1.10
  checksum: dcac9dda66ff17df9cabdc58214172bf41082f956eab30bb0d86bc0fab1e44b690fc8e1f855cf2481245caf4e8a5a006a982a71ddccec84032ed41f9d8da8c14
  languageName: node
  linkType: hard

"is-bigint@npm:^1.0.1":
  version: 1.0.4
  resolution: "is-bigint@npm:1.0.4"
  dependencies:
    has-bigints: ^1.0.1
  checksum: c56edfe09b1154f8668e53ebe8252b6f185ee852a50f9b41e8d921cb2bed425652049fbe438723f6cb48a63ca1aa051e948e7e401e093477c99c84eba244f666
  languageName: node
  linkType: hard

"is-boolean-object@npm:^1.0.1, is-boolean-object@npm:^1.1.0":
  version: 1.1.2
  resolution: "is-boolean-object@npm:1.1.2"
  dependencies:
    call-bind: ^1.0.2
    has-tostringtag: ^1.0.0
  checksum: c03b23dbaacadc18940defb12c1c0e3aaece7553ef58b162a0f6bba0c2a7e1551b59f365b91e00d2dbac0522392d576ef322628cb1d036a0fe51eb466db67222
  languageName: node
  linkType: hard

"is-callable@npm:^1.1.3, is-callable@npm:^1.1.4, is-callable@npm:^1.1.5, is-callable@npm:^1.2.7":
  version: 1.2.7
  resolution: "is-callable@npm:1.2.7"
  checksum: 61fd57d03b0d984e2ed3720fb1c7a897827ea174bd44402878e059542ea8c4aeedee0ea0985998aa5cc2736b2fa6e271c08587addb5b3959ac52cf665173d1ac
  languageName: node
  linkType: hard

"is-date-object@npm:^1.0.1":
  version: 1.0.5
  resolution: "is-date-object@npm:1.0.5"
  dependencies:
    has-tostringtag: ^1.0.0
  checksum: baa9077cdf15eb7b58c79398604ca57379b2fc4cf9aa7a9b9e295278648f628c9b201400c01c5e0f7afae56507d741185730307cbe7cad3b9f90a77e5ee342fc
  languageName: node
  linkType: hard

"is-negative-zero@npm:^2.0.2":
  version: 2.0.2
  resolution: "is-negative-zero@npm:2.0.2"
  checksum: f3232194c47a549da60c3d509c9a09be442507616b69454716692e37ae9f37c4dea264fb208ad0c9f3efd15a796a46b79df07c7e53c6227c32170608b809149a
  languageName: node
  linkType: hard

"is-number-object@npm:^1.0.4":
  version: 1.0.7
  resolution: "is-number-object@npm:1.0.7"
  dependencies:
    has-tostringtag: ^1.0.0
  checksum: d1e8d01bb0a7134c74649c4e62da0c6118a0bfc6771ea3c560914d52a627873e6920dd0fd0ebc0e12ad2ff4687eac4c308f7e80320b973b2c8a2c8f97a7524f7
  languageName: node
  linkType: hard

"is-regex@npm:^1.0.5, is-regex@npm:^1.1.4":
  version: 1.1.4
  resolution: "is-regex@npm:1.1.4"
  dependencies:
    call-bind: ^1.0.2
    has-tostringtag: ^1.0.0
  checksum: 362399b33535bc8f386d96c45c9feb04cf7f8b41c182f54174c1a45c9abbbe5e31290bbad09a458583ff6bf3b2048672cdb1881b13289569a7c548370856a652
  languageName: node
  linkType: hard

"is-shared-array-buffer@npm:^1.0.2":
  version: 1.0.2
  resolution: "is-shared-array-buffer@npm:1.0.2"
  dependencies:
    call-bind: ^1.0.2
  checksum: 9508929cf14fdc1afc9d61d723c6e8d34f5e117f0bffda4d97e7a5d88c3a8681f633a74f8e3ad1fe92d5113f9b921dc5ca44356492079612f9a247efbce7032a
  languageName: node
  linkType: hard

"is-string@npm:^1.0.5, is-string@npm:^1.0.7":
  version: 1.0.7
  resolution: "is-string@npm:1.0.7"
  dependencies:
    has-tostringtag: ^1.0.0
  checksum: 323b3d04622f78d45077cf89aab783b2f49d24dc641aa89b5ad1a72114cfeff2585efc8c12ef42466dff32bde93d839ad321b26884cf75e5a7892a938b089989
  languageName: node
  linkType: hard

"is-subset@npm:^0.1.1":
  version: 0.1.1
  resolution: "is-subset@npm:0.1.1"
  checksum: 97b8d7852af165269b7495095691a6ce6cf20bdfa1f846f97b4560ee190069686107af4e277fbd93aa0845c4d5db704391460ff6e9014aeb73264ba87893df44
  languageName: node
  linkType: hard

"is-symbol@npm:^1.0.2, is-symbol@npm:^1.0.3":
  version: 1.0.4
  resolution: "is-symbol@npm:1.0.4"
  dependencies:
    has-symbols: ^1.0.2
  checksum: 92805812ef590738d9de49d677cd17dfd486794773fb6fa0032d16452af46e9b91bb43ffe82c983570f015b37136f4b53b28b8523bfb10b0ece7a66c31a54510
  languageName: node
  linkType: hard

"is-typed-array@npm:^1.1.10, is-typed-array@npm:^1.1.12, is-typed-array@npm:^1.1.9":
  version: 1.1.12
  resolution: "is-typed-array@npm:1.1.12"
  dependencies:
    which-typed-array: ^1.1.11
  checksum: 4c89c4a3be07186caddadf92197b17fda663a9d259ea0d44a85f171558270d36059d1c386d34a12cba22dfade5aba497ce22778e866adc9406098c8fc4771796
  languageName: node
  linkType: hard

"is-weakref@npm:^1.0.2":
  version: 1.0.2
  resolution: "is-weakref@npm:1.0.2"
  dependencies:
    call-bind: ^1.0.2
  checksum: 95bd9a57cdcb58c63b1c401c60a474b0f45b94719c30f548c891860f051bc2231575c290a6b420c6bc6e7ed99459d424c652bd5bf9a1d5259505dc35b4bf83de
  languageName: node
  linkType: hard

"isarray@npm:^2.0.5":
  version: 2.0.5
  resolution: "isarray@npm:2.0.5"
  checksum: bd5bbe4104438c4196ba58a54650116007fa0262eccef13a4c55b2e09a5b36b59f1e75b9fcc49883dd9d4953892e6fc007eef9e9155648ceea036e184b0f930a
  languageName: node
  linkType: hard

"javascript-natural-sort@npm:^0.7.1":
  version: 0.7.1
  resolution: "javascript-natural-sort@npm:0.7.1"
  checksum: 161e2c512cc7884bc055a582c6645d9032cab88497a76123d73cb23bfb03d97a04cf7772ecdb8bd3366fc07192c2f996366f479f725c23ef073fffe03d6a586a
  languageName: node
  linkType: hard

"js-tokens@npm:^4.0.0":
  version: 4.0.0
  resolution: "js-tokens@npm:4.0.0"
  checksum: 8a95213a5a77deb6cbe94d86340e8d9ace2b93bc367790b260101d2f36a2eaf4e4e22d9fa9cf459b38af3a32fb4190e638024cf82ec95ef708680e405ea7cc78
  languageName: node
  linkType: hard

"jsesc@npm:^3.0.2":
  version: 3.1.0
  resolution: "jsesc@npm:3.1.0"
  bin:
    jsesc: bin/jsesc
  checksum: 19c94095ea026725540c0d29da33ab03144f6bcf2d4159e4833d534976e99e0c09c38cefa9a575279a51fc36b31166f8d6d05c9fe2645d5f15851d690b41f17f
  languageName: node
  linkType: hard

"lodash.escape@npm:^4.0.1":
  version: 4.0.1
  resolution: "lodash.escape@npm:4.0.1"
  checksum: fcb54f457497256964d619d5cccbd80a961916fca60df3fe0fa3e7f052715c2944c0ed5aefb4f9e047d127d44aa2d55555f3350cb42c6549e9e293fb30b41e7f
  languageName: node
  linkType: hard

"lodash.flattendeep@npm:^4.4.0":
  version: 4.4.0
  resolution: "lodash.flattendeep@npm:4.4.0"
  checksum: 8521c919acac3d4bcf0aaf040c1ca9cb35d6c617e2d72e9b4d51c9a58b4366622cd6077441a18be626c3f7b28227502b3bf042903d447b056ee7e0b11d45c722
  languageName: node
  linkType: hard

"lodash.isequal@npm:^4.5.0":
  version: 4.5.0
  resolution: "lodash.isequal@npm:4.5.0"
  checksum: da27515dc5230eb1140ba65ff8de3613649620e8656b19a6270afe4866b7bd461d9ba2ac8a48dcc57f7adac4ee80e1de9f965d89d4d81a0ad52bb3eec2609644
  languageName: node
  linkType: hard

"lodash@npm:^4.17.21":
  version: 4.17.21
  resolution: "lodash@npm:4.17.21"
  checksum: eb835a2e51d381e561e508ce932ea50a8e5a68f4ebdd771ea240d3048244a8d13658acbd502cd4829768c56f2e16bdd4340b9ea141297d472517b83868e677f7
  languageName: node
  linkType: hard

"moo@npm:^0.5.0":
  version: 0.5.2
  resolution: "moo@npm:0.5.2"
  checksum: 5a41ddf1059fd0feb674d917c4774e41c877f1ca980253be4d3aae1a37f4bc513f88815041243f36f5cf67a62fb39324f3f997cf7fb17b6cb00767c165e7c499
  languageName: node
  linkType: hard

"ms@npm:^2.1.3":
  version: 2.1.3
  resolution: "ms@npm:2.1.3"
  checksum: aa92de608021b242401676e35cfa5aa42dd70cbdc082b916da7fb925c542173e36bce97ea3e804923fe92c0ad991434e4a38327e15a1b5b5f945d66df615ae6d
  languageName: node
  linkType: hard

"nearley@npm:^2.7.10":
  version: 2.20.1
  resolution: "nearley@npm:2.20.1"
  dependencies:
    commander: ^2.19.0
    moo: ^0.5.0
    railroad-diagrams: ^1.0.0
    randexp: 0.4.6
  bin:
    nearley-railroad: bin/nearley-railroad.js
    nearley-test: bin/nearley-test.js
    nearley-unparse: bin/nearley-unparse.js
    nearleyc: bin/nearleyc.js
  checksum: 42c2c330c13c7991b48221c5df00f4352c2f8851636ae4d1f8ca3c8e193fc1b7668c78011d1cad88cca4c1c4dc087425420629c19cc286d7598ec15533aaef26
  languageName: node
  linkType: hard

"nth-check@npm:^2.0.1":
  version: 2.1.1
  resolution: "nth-check@npm:2.1.1"
  dependencies:
    boolbase: ^1.0.0
  checksum: 5afc3dafcd1573b08877ca8e6148c52abd565f1d06b1eb08caf982e3fa289a82f2cae697ffb55b5021e146d60443f1590a5d6b944844e944714a5b549675bcd3
  languageName: node
  linkType: hard

"object-inspect@npm:^1.12.3, object-inspect@npm:^1.7.0, object-inspect@npm:^1.9.0":
  version: 1.12.3
  resolution: "object-inspect@npm:1.12.3"
  checksum: dabfd824d97a5f407e6d5d24810d888859f6be394d8b733a77442b277e0808860555176719c5905e765e3743a7cada6b8b0a3b85e5331c530fd418cc8ae991db
  languageName: node
  linkType: hard

"object-is@npm:^1.0.2, object-is@npm:^1.1.5":
  version: 1.1.5
  resolution: "object-is@npm:1.1.5"
  dependencies:
    call-bind: ^1.0.2
    define-properties: ^1.1.3
  checksum: 989b18c4cba258a6b74dc1d74a41805c1a1425bce29f6cabb50dcb1a6a651ea9104a1b07046739a49a5bb1bc49727bcb00efd5c55f932f6ea04ec8927a7901fe
  languageName: node
  linkType: hard

"object-keys@npm:^1.1.1":
  version: 1.1.1
  resolution: "object-keys@npm:1.1.1"
  checksum: b363c5e7644b1e1b04aa507e88dcb8e3a2f52b6ffd0ea801e4c7a62d5aa559affe21c55a07fd4b1fd55fc03a33c610d73426664b20032405d7b92a1414c34d6a
  languageName: node
  linkType: hard

"object.assign@npm:^4.1.0, object.assign@npm:^4.1.4":
  version: 4.1.4
  resolution: "object.assign@npm:4.1.4"
  dependencies:
    call-bind: ^1.0.2
    define-properties: ^1.1.4
    has-symbols: ^1.0.3
    object-keys: ^1.1.1
  checksum: 76cab513a5999acbfe0ff355f15a6a125e71805fcf53de4e9d4e082e1989bdb81d1e329291e1e4e0ae7719f0e4ef80e88fb2d367ae60500d79d25a6224ac8864
  languageName: node
  linkType: hard

"object.entries@npm:^1.1.1":
  version: 1.1.7
  resolution: "object.entries@npm:1.1.7"
  dependencies:
    call-bind: ^1.0.2
    define-properties: ^1.2.0
    es-abstract: ^1.22.1
  checksum: da287d434e7e32989586cd734382364ba826a2527f2bc82e6acbf9f9bfafa35d51018b66ec02543ffdfa2a5ba4af2b6f1ca6e588c65030cb4fd9c67d6ced594c
  languageName: node
  linkType: hard

"object.values@npm:^1.1.1":
  version: 1.1.7
  resolution: "object.values@npm:1.1.7"
  dependencies:
    call-bind: ^1.0.2
    define-properties: ^1.2.0
    es-abstract: ^1.22.1
  checksum: f3e4ae4f21eb1cc7cebb6ce036d4c67b36e1c750428d7b7623c56a0db90edced63d08af8a316d81dfb7c41a3a5fa81b05b7cc9426e98d7da986b1682460f0777
  languageName: node
  linkType: hard

"parse5-htmlparser2-tree-adapter@npm:^7.0.0":
  version: 7.0.0
  resolution: "parse5-htmlparser2-tree-adapter@npm:7.0.0"
  dependencies:
    domhandler: ^5.0.2
    parse5: ^7.0.0
  checksum: fc5d01e07733142a1baf81de5c2a9c41426c04b7ab29dd218acb80cd34a63177c90aff4a4aee66cf9f1d0aeecff1389adb7452ad6f8af0a5888e3e9ad6ef733d
  languageName: node
  linkType: hard

"parse5@npm:^7.0.0":
  version: 7.1.2
  resolution: "parse5@npm:7.1.2"
  dependencies:
    entities: ^4.4.0
  checksum: 59465dd05eb4c5ec87b76173d1c596e152a10e290b7abcda1aecf0f33be49646ea74840c69af975d7887543ea45564801736356c568d6b5e71792fd0f4055713
  languageName: node
  linkType: hard

"performance-now@npm:^2.1.0":
  version: 2.1.0
  resolution: "performance-now@npm:2.1.0"
  checksum: 534e641aa8f7cba160f0afec0599b6cecefbb516a2e837b512be0adbe6c1da5550e89c78059c7fabc5c9ffdf6627edabe23eb7c518c4500067a898fa65c2b550
  languageName: node
  linkType: hard

"picocolors@npm:^1.0.0":
  version: 1.1.1
  resolution: "picocolors@npm:1.1.1"
  checksum: e1cf46bf84886c79055fdfa9dcb3e4711ad259949e3565154b004b260cd356c5d54b31a1437ce9782624bf766272fe6b0154f5f0c744fb7af5d454d2b60db045
  languageName: node
  linkType: hard

"preact@npm:^10.18.1":
  version: 10.26.4
  resolution: "preact@npm:10.26.4"
  checksum: 38e92630a86fbaa43a2b085f12275abebecba72165bab56b70f209116dae694ade056aadb2df3aead004e50e5f94848d730a0accf052e2c0f27afc09bafd256c
  languageName: node
  linkType: hard

"prettier@npm:^3.0.3":
  version: 3.5.3
  resolution: "prettier@npm:3.5.3"
  bin:
    prettier: bin/prettier.cjs
  checksum: 61e97bb8e71a95d8f9c71f1fd5229c9aaa9d1e184dedb12399f76aa802fb6fdc8954ecac9df25a7f82ee7311cf8ddbd06baf5507388fc98e5b44036cc6a88a1b
  languageName: node
  linkType: hard

"raf@npm:^3.4.1":
  version: 3.4.1
  resolution: "raf@npm:3.4.1"
  dependencies:
    performance-now: ^2.1.0
  checksum: 50ba284e481c8185dbcf45fc4618ba3aec580bb50c9121385d5698cb6012fe516d2015b1df6dd407a7b7c58d44be8086108236affbce1861edd6b44637c8cd52
  languageName: node
  linkType: hard

"railroad-diagrams@npm:^1.0.0":
  version: 1.0.0
  resolution: "railroad-diagrams@npm:1.0.0"
  checksum: 9e312af352b5ed89c2118edc0c06cef2cc039681817f65266719606e4e91ff6ae5374c707cc9033fe29a82c2703edf3c63471664f97f0167c85daf6f93496319
  languageName: node
  linkType: hard

"randexp@npm:0.4.6":
  version: 0.4.6
  resolution: "randexp@npm:0.4.6"
  dependencies:
    discontinuous-range: 1.0.0
    ret: ~0.1.10
  checksum: 3c0d440a3f89d6d36844aa4dd57b5cdb0cab938a41956a16da743d3a3578ab32538fc41c16cc0984b6938f2ae4cbc0216967e9829e52191f70e32690d8e3445d
  languageName: node
  linkType: hard

"regexp.prototype.flags@npm:^1.5.1":
  version: 1.5.1
  resolution: "regexp.prototype.flags@npm:1.5.1"
  dependencies:
    call-bind: ^1.0.2
    define-properties: ^1.2.0
    set-function-name: ^2.0.0
  checksum: 869edff00288442f8d7fa4c9327f91d85f3b3acf8cbbef9ea7a220345cf23e9241b6def9263d2c1ebcf3a316b0aa52ad26a43a84aa02baca3381717b3e307f47
  languageName: node
  linkType: hard

"ret@npm:~0.1.10":
  version: 0.1.15
  resolution: "ret@npm:0.1.15"
  checksum: d76a9159eb8c946586567bd934358dfc08a36367b3257f7a3d7255fdd7b56597235af23c6afa0d7f0254159e8051f93c918809962ebd6df24ca2a83dbe4d4151
  languageName: node
  linkType: hard

"rst-selector-parser@npm:^2.2.3":
  version: 2.2.3
  resolution: "rst-selector-parser@npm:2.2.3"
  dependencies:
    lodash.flattendeep: ^4.4.0
    nearley: ^2.7.10
  checksum: fbfb2f6a7d4c9b3e013ef555ac06e5dba444e0d37dc959b94c507b6c34093ef10fe98141338d9cac58e5ae0f9453a5ef7f85af3d5e6386b237c1b3552debe4a0
  languageName: node
  linkType: hard

"safe-array-concat@npm:^1.0.1":
  version: 1.0.1
  resolution: "safe-array-concat@npm:1.0.1"
  dependencies:
    call-bind: ^1.0.2
    get-intrinsic: ^1.2.1
    has-symbols: ^1.0.3
    isarray: ^2.0.5
  checksum: 001ecf1d8af398251cbfabaf30ed66e3855127fbceee178179524b24160b49d15442f94ed6c0db0b2e796da76bb05b73bf3cc241490ec9c2b741b41d33058581
  languageName: node
  linkType: hard

"safe-regex-test@npm:^1.0.0":
  version: 1.0.0
  resolution: "safe-regex-test@npm:1.0.0"
  dependencies:
    call-bind: ^1.0.2
    get-intrinsic: ^1.1.3
    is-regex: ^1.1.4
  checksum: bc566d8beb8b43c01b94e67de3f070fd2781685e835959bbbaaec91cc53381145ca91f69bd837ce6ec244817afa0a5e974fc4e40a2957f0aca68ac3add1ddd34
  languageName: node
  linkType: hard

"set-function-name@npm:^2.0.0":
  version: 2.0.1
  resolution: "set-function-name@npm:2.0.1"
  dependencies:
    define-data-property: ^1.0.1
    functions-have-names: ^1.2.3
    has-property-descriptors: ^1.0.0
  checksum: 4975d17d90c40168eee2c7c9c59d023429f0a1690a89d75656306481ece0c3c1fb1ebcc0150ea546d1913e35fbd037bace91372c69e543e51fc5d1f31a9fa126
  languageName: node
  linkType: hard

"side-channel@npm:^1.0.4":
  version: 1.0.4
  resolution: "side-channel@npm:1.0.4"
  dependencies:
    call-bind: ^1.0.0
    get-intrinsic: ^1.0.2
    object-inspect: ^1.9.0
  checksum: 351e41b947079c10bd0858364f32bb3a7379514c399edb64ab3dce683933483fc63fb5e4efe0a15a2e8a7e3c436b6a91736ddb8d8c6591b0460a24bb4a1ee245
  languageName: node
  linkType: hard

"string.prototype.trim@npm:^1.2.1, string.prototype.trim@npm:^1.2.8":
  version: 1.2.8
  resolution: "string.prototype.trim@npm:1.2.8"
  dependencies:
    call-bind: ^1.0.2
    define-properties: ^1.2.0
    es-abstract: ^1.22.1
  checksum: 49eb1a862a53aba73c3fb6c2a53f5463173cb1f4512374b623bcd6b43ad49dd559a06fb5789bdec771a40fc4d2a564411c0a75d35fb27e76bbe738c211ecff07
  languageName: node
  linkType: hard

"string.prototype.trimend@npm:^1.0.7":
  version: 1.0.7
  resolution: "string.prototype.trimend@npm:1.0.7"
  dependencies:
    call-bind: ^1.0.2
    define-properties: ^1.2.0
    es-abstract: ^1.22.1
  checksum: 2375516272fd1ba75992f4c4aa88a7b5f3c7a9ca308d963bcd5645adf689eba6f8a04ebab80c33e30ec0aefc6554181a3a8416015c38da0aa118e60ec896310c
  languageName: node
  linkType: hard

"string.prototype.trimstart@npm:^1.0.7":
  version: 1.0.7
  resolution: "string.prototype.trimstart@npm:1.0.7"
  dependencies:
    call-bind: ^1.0.2
    define-properties: ^1.2.0
    es-abstract: ^1.22.1
  checksum: 13d0c2cb0d5ff9e926fa0bec559158b062eed2b68cd5be777ffba782c96b2b492944e47057274e064549b94dd27cf81f48b27a31fee8af5b574cff253e7eb613
  languageName: node
  linkType: hard

"typed-array-buffer@npm:^1.0.0":
  version: 1.0.0
  resolution: "typed-array-buffer@npm:1.0.0"
  dependencies:
    call-bind: ^1.0.2
    get-intrinsic: ^1.2.1
    is-typed-array: ^1.1.10
  checksum: 3e0281c79b2a40cd97fe715db803884301993f4e8c18e8d79d75fd18f796e8cd203310fec8c7fdb5e6c09bedf0af4f6ab8b75eb3d3a85da69328f28a80456bd3
  languageName: node
  linkType: hard

"typed-array-byte-length@npm:^1.0.0":
  version: 1.0.0
  resolution: "typed-array-byte-length@npm:1.0.0"
  dependencies:
    call-bind: ^1.0.2
    for-each: ^0.3.3
    has-proto: ^1.0.1
    is-typed-array: ^1.1.10
  checksum: b03db16458322b263d87a702ff25388293f1356326c8a678d7515767ef563ef80e1e67ce648b821ec13178dd628eb2afdc19f97001ceae7a31acf674c849af94
  languageName: node
  linkType: hard

"typed-array-byte-offset@npm:^1.0.0":
  version: 1.0.0
  resolution: "typed-array-byte-offset@npm:1.0.0"
  dependencies:
    available-typed-arrays: ^1.0.5
    call-bind: ^1.0.2
    for-each: ^0.3.3
    has-proto: ^1.0.1
    is-typed-array: ^1.1.10
  checksum: 04f6f02d0e9a948a95fbfe0d5a70b002191fae0b8fe0fe3130a9b2336f043daf7a3dda56a31333c35a067a97e13f539949ab261ca0f3692c41603a46a94e960b
  languageName: node
  linkType: hard

"typed-array-length@npm:^1.0.4":
  version: 1.0.4
  resolution: "typed-array-length@npm:1.0.4"
  dependencies:
    call-bind: ^1.0.2
    for-each: ^0.3.3
    is-typed-array: ^1.1.9
  checksum: 2228febc93c7feff142b8c96a58d4a0d7623ecde6c7a24b2b98eb3170e99f7c7eff8c114f9b283085cd59dcd2bd43aadf20e25bba4b034a53c5bb292f71f8956
  languageName: node
  linkType: hard

"typescript@npm:^5.2.2":
  version: 5.8.2
  resolution: "typescript@npm:5.8.2"
  bin:
    tsc: bin/tsc
    tsserver: bin/tsserver
  checksum: 7f9e3d7ac15da6df713e439e785e51facd65d6450d5f51fab3e8d2f2e3f4eb317080d895480b8e305450cdbcb37e17383e8bf521e7395f8b556e2f2a4730ed86
  languageName: node
  linkType: hard

"typescript@patch:typescript@^5.2.2#~builtin<compat/typescript>":
  version: 5.8.2
  resolution: "typescript@patch:typescript@npm%3A5.8.2#~builtin<compat/typescript>::version=5.8.2&hash=29ae49"
  bin:
    tsc: bin/tsc
    tsserver: bin/tsserver
  checksum: a58d19ff9811c1764a299dd83ca20ed8020f0ab642906dafc880121b710751227201531fdc99878158205c356ac79679b0b61ac5b42eda0e28bfb180947a258d
  languageName: node
  linkType: hard

"unbox-primitive@npm:^1.0.2":
  version: 1.0.2
  resolution: "unbox-primitive@npm:1.0.2"
  dependencies:
    call-bind: ^1.0.2
    has-bigints: ^1.0.2
    has-symbols: ^1.0.3
    which-boxed-primitive: ^1.0.2
  checksum: b7a1cf5862b5e4b5deb091672ffa579aa274f648410009c81cca63fed3b62b610c4f3b773f912ce545bb4e31edc3138975b5bc777fc6e4817dca51affb6380e9
  languageName: node
  linkType: hard

"which-boxed-primitive@npm:^1.0.2":
  version: 1.0.2
  resolution: "which-boxed-primitive@npm:1.0.2"
  dependencies:
    is-bigint: ^1.0.1
    is-boolean-object: ^1.1.0
    is-number-object: ^1.0.4
    is-string: ^1.0.5
    is-symbol: ^1.0.3
  checksum: 53ce774c7379071729533922adcca47220228405e1895f26673bbd71bdf7fb09bee38c1d6399395927c6289476b5ae0629863427fd151491b71c4b6cb04f3a5e
  languageName: node
  linkType: hard

"which-typed-array@npm:^1.1.11":
  version: 1.1.11
  resolution: "which-typed-array@npm:1.1.11"
  dependencies:
    available-typed-arrays: ^1.0.5
    call-bind: ^1.0.2
    for-each: ^0.3.3
    gopd: ^1.0.1
    has-tostringtag: ^1.0.0
  checksum: 711ffc8ef891ca6597b19539075ec3e08bb9b4c2ca1f78887e3c07a977ab91ac1421940505a197758fb5939aa9524976d0a5bbcac34d07ed6faa75cedbb17206
  languageName: node
  linkType: hard
